// !$*UTF8*$!
{
	archiveVersion = 1;
	classes = {
	};
	objectVersion = 46;
	objects = {

/* Begin PBXBuildFile section */
		BA3784D61E409DD400E5D200 /* main.m in Sources */ = {isa = PBXBuildFile; fileRef = BA3784D51E409DD400E5D200 /* main.m */; };
		BA3784DE1E409E0000E5D200 /* ExerciseHomeWork.m in Sources */ = {isa = PBXBuildFile; fileRef = BA3784DD1E409E0000E5D200 /* ExerciseHomeWork.m */; };
/* End PBXBuildFile section */

/* Begin PBXCopyFilesBuildPhase section */
		BA3784D01E409DD400E5D200 /* CopyFiles */ = {
			isa = PBXCopyFilesBuildPhase;
			buildActionMask = 2147483647;
			dstPath = /usr/share/man/man1/;
			dstSubfolderSpec = 0;
			files = (
			);
			runOnlyForDeploymentPostprocessing = 1;
		};
/* End PBXCopyFilesBuildPhase section */

/* Begin PBXFileReference section */
		BA3784D21E409DD400E5D200 /* ClassExerciseHomeWork */ = {isa = PBXFileReference; explicitFileType = "compiled.mach-o.executable"; includeInIndex = 0; path = ClassExerciseHomeWork; sourceTree = BUILT_PRODUCTS_DIR; };
		BA3784D51E409DD400E5D200 /* main.m */ = {isa = PBXFileReference; lastKnownFileType = sourcecode.c.objc; path = main.m; sourceTree = "<group>"; };
		BA3784DC1E409E0000E5D200 /* ExerciseHomeWork.h */ = {isa = PBXFileReference; fileEncoding = 4; lastKnownFileType = sourcecode.c.h; path = ExerciseHomeWork.h; sourceTree = "<group>"; };
		BA3784DD1E409E0000E5D200 /* ExerciseHomeWork.m */ = {isa = PBXFileReference; fileEncoding = 4; lastKnownFileType = sourcecode.c.objc; path = ExerciseHomeWork.m; sourceTree = "<group>"; };
/* End PBXFileReference section */

/* Begin PBXFrameworksBuildPhase section */
		BA3784CF1E409DD400E5D200 /* Frameworks */ = {
			isa = PBXFrameworksBuildPhase;
			buildActionMask = 2147483647;
			files = (
			);
			runOnlyForDeploymentPostprocessing = 0;
		};
/* End PBXFrameworksBuildPhase section */

/* Begin PBXGroup section */
		BA3784C91E409DD400E5D200 = {
			isa = PBXGroup;
			children = (
				BA3784D41E409DD400E5D200 /* ClassExerciseHomeWork */,
				BA3784D31E409DD400E5D200 /* Products */,
			);
			sourceTree = "<group>";
		};
		BA3784D31E409DD400E5D200 /* Products */ = {
			isa = PBXGroup;
			children = (
				BA3784D21E409DD400E5D200 /* ClassExerciseHomeWork */,
			);
			name = Products;
			sourceTree = "<group>";
		};
		BA3784D41E409DD400E5D200 /* ClassExerciseHomeWork */ = {
			isa = PBXGroup;
			children = (
				BA3784D51E409DD400E5D200 /* main.m */,
				BA3784DC1E409E0000E5D200 /* ExerciseHomeWork.h */,
				BA3784DD1E409E0000E5D200 /* ExerciseHomeWork.m */,
			);
			path = ClassExerciseHomeWork;
			sourceTree = "<group>";
		};
/* End PBXGroup section */

/* Begin PBXNativeTarget section */
		BA3784D11E409DD400E5D200 /* ClassExerciseHomeWork */ = {
			isa = PBXNativeTarget;
			buildConfigurationList = BA3784D91E409DD400E5D200 /* Build configuration list for PBXNativeTarget "ClassExerciseHomeWork" */;
			buildPhases = (
				BA3784CE1E409DD400E5D200 /* Sources */,
				BA3784CF1E409DD400E5D200 /* Frameworks */,
				BA3784D01E409DD400E5D200 /* CopyFiles */,
			);
			buildRules = (
			);
			dependencies = (
			);
			name = ClassExerciseHomeWork;
			productName = ClassExerciseHomeWork;
			productReference = BA3784D21E409DD400E5D200 /* ClassExerciseHomeWork */;
			productType = "com.apple.product-type.tool";
		};
/* End PBXNativeTarget section */

/* Begin PBXProject section */
		BA3784CA1E409DD400E5D200 /* Project object */ = {
			isa = PBXProject;
			attributes = {
				LastUpgradeCheck = 0820;
				ORGANIZATIONNAME = SSangGA;
				TargetAttributes = {
					BA3784D11E409DD400E5D200 = {
						CreatedOnToolsVersion = 8.2;
						DevelopmentTeam = YRRPYZBQ6X;
						ProvisioningStyle = Automatic;
					};
				};
			};
			buildConfigurationList = BA3784CD1E409DD400E5D200 /* Build configuration list for PBXProject "ClassExerciseHomeWork" */;
			compatibilityVersion = "Xcode 3.2";
			developmentRegion = English;
			hasScannedForEncodings = 0;
			knownRegions = (
				en,
			);
			mainGroup = BA3784C91E409DD400E5D200;
			productRefGroup = BA3784D31E409DD400E5D200 /* Products */;
			projectDirPath = "";
			projectRoot = "";
			targets = (
				BA3784D11E409DD400E5D200 /* ClassExerciseHomeWork */,
			);
		};
/* End PBXProject section */

/* Begin PBXSourcesBuildPhase section */
		BA3784CE1E409DD400E5D200 /* Sources */ = {
			isa = PBXSourcesBuildPhase;
			buildActionMask = 2147483647;
			files = (
				BA3784D61E409DD400E5D200 /* main.m in Sources */,
				BA3784DE1E409E0000E5D200 /* ExerciseHomeWork.m in Sources */,
			);
			runOnlyForDeploymentPostprocessing = 0;
		};
/* End PBXSourcesBuildPhase section */

/* Begin XCBuildConfiguration section */
		BA3784D71E409DD400E5D200 /* Debug */ = {
			isa = XCBuildConfiguration;
			buildSettings = {
				ALWAYS_SEARCH_USER_PATHS = NO;
				CLANG_ANALYZER_NONNULL = YES;
				CLANG_CXX_LANGUAGE_STANDARD = "gnu++0x";
				CLANG_CXX_LIBRARY = "libc++";
				CLANG_ENABLE_MODULES = YES;
				CLANG_ENABLE_OBJC_ARC = YES;
				CLANG_WARN_BOOL_CONVERSION = YES;
				CLANG_WARN_CONSTANT_CONVERSION = YES;
				CLANG_WARN_DIRECT_OBJC_ISA_USAGE = YES_ERROR;
				CLANG_WARN_DOCUMENTATION_COMMENTS = YES;
				CLANG_WARN_EMPTY_BODY = YES;
				CLANG_WARN_ENUM_CONVERSION = YES;
				CLANG_WARN_INFINITE_RECURSION = YES;
				CLANG_WARN_INT_CONVERSION = YES;
				CLANG_WARN_OBJC_ROOT_CLASS = YES_ERROR;
				CLANG_WARN_SUSPICIOUS_MOVE = YES;
				CLANG_WARN_UNREACHABLE_CODE = YES;
				CLANG_WARN__DUPLICATE_METHOD_MATCH = YES;
				CODE_SIGN_IDENTITY = "-";
				COPY_PHASE_STRIP = NO;
				DEBUG_INFORMATION_FORMAT = dwarf;
				ENABLE_STRICT_OBJC_MSGSEND = YES;
				ENABLE_TESTABILITY = YES;
				GCC_C_LANGUAGE_STANDARD = gnu99;
				GCC_DYNAMIC_NO_PIC = NO;
				GCC_NO_COMMON_BLOCKS = YES;
				GCC_OPTIMIZATION_LEVEL = 0;
				GCC_PREPROCESSOR_DEFINITIONS = (
					"DEBUG=1",
					"$(inherited)",
				);
				GCC_WARN_64_TO_32_BIT_CONVERSION = YES;
				GCC_WARN_ABOUT_RETURN_TYPE = YES_ERROR;
				GCC_WARN_UNDECLARED_SELECTOR = YES;
				GCC_WARN_UNINITIALIZED_AUTOS = YES_AGGRESSIVE;
				GCC_WARN_UNUSED_FUNCTION = YES;
				GCC_WARN_UNUSED_VARIABLE = YES;
				MACOSX_DEPLOYMENT_TARGET = 10.12;
				MTL_ENABLE_DEBUG_INFO = YES;
				ONLY_ACTIVE_ARCH = YES;
				SDKROOT = macosx;
			};
			name = Debug;
		};
		BA3784D81E409DD400E5D200 /* Release */ = {
			isa = XCBuildConfiguration;
			buildSettings = {
				ALWAYS_SEARCH_USER_PATHS = NO;
				CLANG_ANALYZER_NONNULL = YES;
				CLANG_CXX_LANGUAGE_STANDARD = "gnu++0x";
				CLANG_CXX_LIBRARY = "libc++";
				CLANG_ENABLE_MODULES = YES;
				CLANG_ENABLE_OBJC_ARC = YES;
				CLANG_WARN_BOOL_CONVERSION = YES;
				CLANG_WARN_CONSTANT_CONVERSION = YES;
				CLANG_WARN_DIRECT_OBJC_ISA_USAGE = YES_ERROR;
				CLANG_WARN_DOCUMENTATION_COMMENTS = YES;
				CLANG_WARN_EMPTY_BODY = YES;
				CLANG_WARN_ENUM_CONVERSION = YES;
				CLANG_WARN_INFINITE_RECURSION = YES;
				CLANG_WARN_INT_CONVERSION = YES;
				CLANG_WARN_OBJC_ROOT_CLASS = YES_ERROR;
				CLANG_WARN_SUSPICIOUS_MOVE = YES;
				CLANG_WARN_UNREACHABLE_CODE = YES;
				CLANG_WARN__DUPLICATE_METHOD_MATCH = YES;
				CODE_SIGN_IDENTITY = "-";
				COPY_PHASE_STRIP = NO;
				DEBUG_INFORMATION_FORMAT = "dwarf-with-dsym";
				ENABLE_NS_ASSERTIONS = NO;
				ENABLE_STRICT_OBJC_MSGSEND = YES;
				GCC_C_LANGUAGE_STANDARD = gnu99;
				GCC_NO_COMMON_BLOCKS = YES;
				GCC_WARN_64_TO_32_BIT_CONVERSION = YES;
				GCC_WARN_ABOUT_RETURN_TYPE = YES_ERROR;
				GCC_WARN_UNDECLARED_SELECTOR = YES;
				GCC_WARN_UNINITIALIZED_AUTOS = YES_AGGRESSIVE;
				GCC_WARN_UNUSED_FUNCTION = YES;
				GCC_WARN_UNUSED_VARIABLE = YES;
				MACOSX_DEPLOYMENT_TARGET = 10.12;
				MTL_ENABLE_DEBUG_INFO = NO;
				SDKROOT = macosx;
			};
			name = Release;
		};
		BA3784DA1E409DD400E5D200 /* Debug */ = {
			isa = XCBuildConfiguration;
			buildSettings = {
				DEVELOPMENT_TEAM = YRRPYZBQ6X;
				PRODUCT_NAME = "$(TARGET_NAME)";
			};
			name = Debug;
		};
		BA3784DB1E409DD400E5D200 /* Release */ = {
			isa = XCBuildConfiguration;
			buildSettings = {
				DEVELOPMENT_TEAM = YRRPYZBQ6X;
				PRODUCT_NAME = "$(TARGET_NAME)";
			};
			name = Release;
		};
/* End XCBuildConfiguration section */

/* Begin XCConfigurationList section */
		BA3784CD1E409DD400E5D200 /* Build configuration list for PBXProject "ClassExerciseHomeWork" */ = {
			isa = XCConfigurationList;
			buildConfigurations = (
				BA3784D71E409DD400E5D200 /* Debug */,
				BA3784D81E409DD400E5D200 /* Release */,
			);
			defaultConfigurationIsVisible = 0;
			defaultConfigurationName = Release;
		};
		BA3784D91E409DD400E5D200 /* Build configuration list for PBXNativeTarget "ClassExerciseHomeWork" */ = {
			isa = XCConfigurationList;
			buildConfigurations = (
				BA3784DA1E409DD400E5D200 /* Debug */,
				BA3784DB1E409DD400E5D200 /* Release */,
			);
			defaultConfigurationIsVisible = 0;
		};
/* End XCConfigurationList section */
	};
	rootObject = BA3784CA1E409DD400E5D200 /* Project object */;
}
