// !$*UTF8*$!
{
	archiveVersion = 1;
	classes = {
	};
	objectVersion = 46;
	objects = {

/* Begin PBXBuildFile section */
		BA2803901E4191E1007353E5 /* main.m in Sources */ = {isa = PBXBuildFile; fileRef = BA28038F1E4191E1007353E5 /* main.m */; };
		BA2803981E4191F6007353E5 /* Gugudan.m in Sources */ = {isa = PBXBuildFile; fileRef = BA2803971E4191F6007353E5 /* Gugudan.m */; };
/* End PBXBuildFile section */

/* Begin PBXCopyFilesBuildPhase section */
		BA28038A1E4191E1007353E5 /* CopyFiles */ = {
			isa = PBXCopyFilesBuildPhase;
			buildActionMask = 2147483647;
			dstPath = /usr/share/man/man1/;
			dstSubfolderSpec = 0;
			files = (
			);
			runOnlyForDeploymentPostprocessing = 1;
		};
/* End PBXCopyFilesBuildPhase section */

/* Begin PBXFileReference section */
		BA28038C1E4191E1007353E5 /* WhileExercise */ = {isa = PBXFileReference; explicitFileType = "compiled.mach-o.executable"; includeInIndex = 0; path = WhileExercise; sourceTree = BUILT_PRODUCTS_DIR; };
		BA28038F1E4191E1007353E5 /* main.m */ = {isa = PBXFileReference; lastKnownFileType = sourcecode.c.objc; path = main.m; sourceTree = "<group>"; };
		BA2803961E4191F6007353E5 /* Gugudan.h */ = {isa = PBXFileReference; fileEncoding = 4; lastKnownFileType = sourcecode.c.h; path = Gugudan.h; sourceTree = "<group>"; };
		BA2803971E4191F6007353E5 /* Gugudan.m */ = {isa = PBXFileReference; fileEncoding = 4; lastKnownFileType = sourcecode.c.objc; path = Gugudan.m; sourceTree = "<group>"; };
/* End PBXFileReference section */

/* Begin PBXFrameworksBuildPhase section */
		BA2803891E4191E1007353E5 /* Frameworks */ = {
			isa = PBXFrameworksBuildPhase;
			buildActionMask = 2147483647;
			files = (
			);
			runOnlyForDeploymentPostprocessing = 0;
		};
/* End PBXFrameworksBuildPhase section */

/* Begin PBXGroup section */
		BA2803831E4191E1007353E5 = {
			isa = PBXGroup;
			children = (
				BA28038E1E4191E1007353E5 /* WhileExercise */,
				BA28038D1E4191E1007353E5 /* Products */,
			);
			sourceTree = "<group>";
		};
		BA28038D1E4191E1007353E5 /* Products */ = {
			isa = PBXGroup;
			children = (
				BA28038C1E4191E1007353E5 /* WhileExercise */,
			);
			name = Products;
			sourceTree = "<group>";
		};
		BA28038E1E4191E1007353E5 /* WhileExercise */ = {
			isa = PBXGroup;
			children = (
				BA28038F1E4191E1007353E5 /* main.m */,
				BA2803961E4191F6007353E5 /* Gugudan.h */,
				BA2803971E4191F6007353E5 /* Gugudan.m */,
			);
			path = WhileExercise;
			sourceTree = "<group>";
		};
/* End PBXGroup section */

/* Begin PBXNativeTarget section */
		BA28038B1E4191E1007353E5 /* WhileExercise */ = {
			isa = PBXNativeTarget;
			buildConfigurationList = BA2803931E4191E1007353E5 /* Build configuration list for PBXNativeTarget "WhileExercise" */;
			buildPhases = (
				BA2803881E4191E1007353E5 /* Sources */,
				BA2803891E4191E1007353E5 /* Frameworks */,
				BA28038A1E4191E1007353E5 /* CopyFiles */,
			);
			buildRules = (
			);
			dependencies = (
			);
			name = WhileExercise;
			productName = WhileExercise;
			productReference = BA28038C1E4191E1007353E5 /* WhileExercise */;
			productType = "com.apple.product-type.tool";
		};
/* End PBXNativeTarget section */

/* Begin PBXProject section */
		BA2803841E4191E1007353E5 /* Project object */ = {
			isa = PBXProject;
			attributes = {
				LastUpgradeCheck = 0820;
				ORGANIZATIONNAME = SSangGA;
				TargetAttributes = {
					BA28038B1E4191E1007353E5 = {
						CreatedOnToolsVersion = 8.2;
						DevelopmentTeam = YRRPYZBQ6X;
						ProvisioningStyle = Automatic;
					};
				};
			};
			buildConfigurationList = BA2803871E4191E1007353E5 /* Build configuration list for PBXProject "WhileExercise" */;
			compatibilityVersion = "Xcode 3.2";
			developmentRegion = English;
			hasScannedForEncodings = 0;
			knownRegions = (
				en,
			);
			mainGroup = BA2803831E4191E1007353E5;
			productRefGroup = BA28038D1E4191E1007353E5 /* Products */;
			projectDirPath = "";
			projectRoot = "";
			targets = (
				BA28038B1E4191E1007353E5 /* WhileExercise */,
			);
		};
/* End PBXProject section */

/* Begin PBXSourcesBuildPhase section */
		BA2803881E4191E1007353E5 /* Sources */ = {
			isa = PBXSourcesBuildPhase;
			buildActionMask = 2147483647;
			files = (
				BA2803901E4191E1007353E5 /* main.m in Sources */,
				BA2803981E4191F6007353E5 /* Gugudan.m in Sources */,
			);
			runOnlyForDeploymentPostprocessing = 0;
		};
/* End PBXSourcesBuildPhase section */

/* Begin XCBuildConfiguration section */
		BA2803911E4191E1007353E5 /* Debug */ = {
			isa = XCBuildConfiguration;
			buildSettings = {
				ALWAYS_SEARCH_USER_PATHS = NO;
				CLANG_ANALYZER_NONNULL = YES;
				CLANG_CXX_LANGUAGE_STANDARD = "gnu++0x";
				CLANG_CXX_LIBRARY = "libc++";
				CLANG_ENABLE_MODULES = YES;
				CLANG_ENABLE_OBJC_ARC = YES;
				CLANG_WARN_BOOL_CONVERSION = YES;
				CLANG_WARN_CONSTANT_CONVERSION = YES;
				CLANG_WARN_DIRECT_OBJC_ISA_USAGE = YES_ERROR;
				CLANG_WARN_DOCUMENTATION_COMMENTS = YES;
				CLANG_WARN_EMPTY_BODY = YES;
				CLANG_WARN_ENUM_CONVERSION = YES;
				CLANG_WARN_INFINITE_RECURSION = YES;
				CLANG_WARN_INT_CONVERSION = YES;
				CLANG_WARN_OBJC_ROOT_CLASS = YES_ERROR;
				CLANG_WARN_SUSPICIOUS_MOVE = YES;
				CLANG_WARN_UNREACHABLE_CODE = YES;
				CLANG_WARN__DUPLICATE_METHOD_MATCH = YES;
				CODE_SIGN_IDENTITY = "-";
				COPY_PHASE_STRIP = NO;
				DEBUG_INFORMATION_FORMAT = dwarf;
				ENABLE_STRICT_OBJC_MSGSEND = YES;
				ENABLE_TESTABILITY = YES;
				GCC_C_LANGUAGE_STANDARD = gnu99;
				GCC_DYNAMIC_NO_PIC = NO;
				GCC_NO_COMMON_BLOCKS = YES;
				GCC_OPTIMIZATION_LEVEL = 0;
				GCC_PREPROCESSOR_DEFINITIONS = (
					"DEBUG=1",
					"$(inherited)",
				);
				GCC_WARN_64_TO_32_BIT_CONVERSION = YES;
				GCC_WARN_ABOUT_RETURN_TYPE = YES_ERROR;
				GCC_WARN_UNDECLARED_SELECTOR = YES;
				GCC_WARN_UNINITIALIZED_AUTOS = YES_AGGRESSIVE;
				GCC_WARN_UNUSED_FUNCTION = YES;
				GCC_WARN_UNUSED_VARIABLE = YES;
				MACOSX_DEPLOYMENT_TARGET = 10.12;
				MTL_ENABLE_DEBUG_INFO = YES;
				ONLY_ACTIVE_ARCH = YES;
				SDKROOT = macosx;
			};
			name = Debug;
		};
		BA2803921E4191E1007353E5 /* Release */ = {
			isa = XCBuildConfiguration;
			buildSettings = {
				ALWAYS_SEARCH_USER_PATHS = NO;
				CLANG_ANALYZER_NONNULL = YES;
				CLANG_CXX_LANGUAGE_STANDARD = "gnu++0x";
				CLANG_CXX_LIBRARY = "libc++";
				CLANG_ENABLE_MODULES = YES;
				CLANG_ENABLE_OBJC_ARC = YES;
				CLANG_WARN_BOOL_CONVERSION = YES;
				CLANG_WARN_CONSTANT_CONVERSION = YES;
				CLANG_WARN_DIRECT_OBJC_ISA_USAGE = YES_ERROR;
				CLANG_WARN_DOCUMENTATION_COMMENTS = YES;
				CLANG_WARN_EMPTY_BODY = YES;
				CLANG_WARN_ENUM_CONVERSION = YES;
				CLANG_WARN_INFINITE_RECURSION = YES;
				CLANG_WARN_INT_CONVERSION = YES;
				CLANG_WARN_OBJC_ROOT_CLASS = YES_ERROR;
				CLANG_WARN_SUSPICIOUS_MOVE = YES;
				CLANG_WARN_UNREACHABLE_CODE = YES;
				CLANG_WARN__DUPLICATE_METHOD_MATCH = YES;
				CODE_SIGN_IDENTITY = "-";
				COPY_PHASE_STRIP = NO;
				DEBUG_INFORMATION_FORMAT = "dwarf-with-dsym";
				ENABLE_NS_ASSERTIONS = NO;
				ENABLE_STRICT_OBJC_MSGSEND = YES;
				GCC_C_LANGUAGE_STANDARD = gnu99;
				GCC_NO_COMMON_BLOCKS = YES;
				GCC_WARN_64_TO_32_BIT_CONVERSION = YES;
				GCC_WARN_ABOUT_RETURN_TYPE = YES_ERROR;
				GCC_WARN_UNDECLARED_SELECTOR = YES;
				GCC_WARN_UNINITIALIZED_AUTOS = YES_AGGRESSIVE;
				GCC_WARN_UNUSED_FUNCTION = YES;
				GCC_WARN_UNUSED_VARIABLE = YES;
				MACOSX_DEPLOYMENT_TARGET = 10.12;
				MTL_ENABLE_DEBUG_INFO = NO;
				SDKROOT = macosx;
			};
			name = Release;
		};
		BA2803941E4191E1007353E5 /* Debug */ = {
			isa = XCBuildConfiguration;
			buildSettings = {
				DEVELOPMENT_TEAM = YRRPYZBQ6X;
				PRODUCT_NAME = "$(TARGET_NAME)";
			};
			name = Debug;
		};
		BA2803951E4191E1007353E5 /* Release */ = {
			isa = XCBuildConfiguration;
			buildSettings = {
				DEVELOPMENT_TEAM = YRRPYZBQ6X;
				PRODUCT_NAME = "$(TARGET_NAME)";
			};
			name = Release;
		};
/* End XCBuildConfiguration section */

/* Begin XCConfigurationList section */
		BA2803871E4191E1007353E5 /* Build configuration list for PBXProject "WhileExercise" */ = {
			isa = XCConfigurationList;
			buildConfigurations = (
				BA2803911E4191E1007353E5 /* Debug */,
				BA2803921E4191E1007353E5 /* Release */,
			);
			defaultConfigurationIsVisible = 0;
			defaultConfigurationName = Release;
		};
		BA2803931E4191E1007353E5 /* Build configuration list for PBXNativeTarget "WhileExercise" */ = {
			isa = XCConfigurationList;
			buildConfigurations = (
				BA2803941E4191E1007353E5 /* Debug */,
				BA2803951E4191E1007353E5 /* Release */,
			);
			defaultConfigurationIsVisible = 0;
		};
/* End XCConfigurationList section */
	};
	rootObject = BA2803841E4191E1007353E5 /* Project object */;
}
