// !$*UTF8*$!
{
	archiveVersion = 1;
	classes = {
	};
	objectVersion = 46;
	objects = {

/* Begin PBXBuildFile section */
		BA8B02A81E30633F00C6E751 /* main.m in Sources */ = {isa = PBXBuildFile; fileRef = BA8B02A71E30633F00C6E751 /* main.m */; };
		BA8B02B01E30636600C6E751 /* Person.m in Sources */ = {isa = PBXBuildFile; fileRef = BA8B02AF1E30636600C6E751 /* Person.m */; };
		BA8B02B61E3063A600C6E751 /* Student.m in Sources */ = {isa = PBXBuildFile; fileRef = BA8B02B51E3063A600C6E751 /* Student.m */; };
		BA8B02B91E3063C000C6E751 /* UniversityStudent.m in Sources */ = {isa = PBXBuildFile; fileRef = BA8B02B81E3063C000C6E751 /* UniversityStudent.m */; };
		BA8B02BC1E30666200C6E751 /* Food.m in Sources */ = {isa = PBXBuildFile; fileRef = BA8B02BB1E30666200C6E751 /* Food.m */; };
/* End PBXBuildFile section */

/* Begin PBXCopyFilesBuildPhase section */
		BA8B02A21E30633F00C6E751 /* CopyFiles */ = {
			isa = PBXCopyFilesBuildPhase;
			buildActionMask = 2147483647;
			dstPath = /usr/share/man/man1/;
			dstSubfolderSpec = 0;
			files = (
			);
			runOnlyForDeploymentPostprocessing = 1;
		};
/* End PBXCopyFilesBuildPhase section */

/* Begin PBXFileReference section */
		BA8B02A41E30633F00C6E751 /* SC03_09_ Inheritance */ = {isa = PBXFileReference; explicitFileType = "compiled.mach-o.executable"; includeInIndex = 0; path = "SC03_09_ Inheritance"; sourceTree = BUILT_PRODUCTS_DIR; };
		BA8B02A71E30633F00C6E751 /* main.m */ = {isa = PBXFileReference; lastKnownFileType = sourcecode.c.objc; path = main.m; sourceTree = "<group>"; };
		BA8B02AE1E30636600C6E751 /* Person.h */ = {isa = PBXFileReference; fileEncoding = 4; lastKnownFileType = sourcecode.c.h; path = Person.h; sourceTree = "<group>"; };
		BA8B02AF1E30636600C6E751 /* Person.m */ = {isa = PBXFileReference; fileEncoding = 4; lastKnownFileType = sourcecode.c.objc; path = Person.m; sourceTree = "<group>"; };
		BA8B02B41E3063A600C6E751 /* Student.h */ = {isa = PBXFileReference; fileEncoding = 4; lastKnownFileType = sourcecode.c.h; path = Student.h; sourceTree = "<group>"; };
		BA8B02B51E3063A600C6E751 /* Student.m */ = {isa = PBXFileReference; fileEncoding = 4; lastKnownFileType = sourcecode.c.objc; path = Student.m; sourceTree = "<group>"; };
		BA8B02B71E3063C000C6E751 /* UniversityStudent.h */ = {isa = PBXFileReference; fileEncoding = 4; lastKnownFileType = sourcecode.c.h; path = UniversityStudent.h; sourceTree = "<group>"; };
		BA8B02B81E3063C000C6E751 /* UniversityStudent.m */ = {isa = PBXFileReference; fileEncoding = 4; lastKnownFileType = sourcecode.c.objc; path = UniversityStudent.m; sourceTree = "<group>"; };
		BA8B02BA1E30666200C6E751 /* Food.h */ = {isa = PBXFileReference; fileEncoding = 4; lastKnownFileType = sourcecode.c.h; path = Food.h; sourceTree = "<group>"; };
		BA8B02BB1E30666200C6E751 /* Food.m */ = {isa = PBXFileReference; fileEncoding = 4; lastKnownFileType = sourcecode.c.objc; path = Food.m; sourceTree = "<group>"; };
/* End PBXFileReference section */

/* Begin PBXFrameworksBuildPhase section */
		BA8B02A11E30633F00C6E751 /* Frameworks */ = {
			isa = PBXFrameworksBuildPhase;
			buildActionMask = 2147483647;
			files = (
			);
			runOnlyForDeploymentPostprocessing = 0;
		};
/* End PBXFrameworksBuildPhase section */

/* Begin PBXGroup section */
		BA8B029B1E30633F00C6E751 = {
			isa = PBXGroup;
			children = (
				BA8B02A61E30633F00C6E751 /* SC03_09_ Inheritance */,
				BA8B02A51E30633F00C6E751 /* Products */,
			);
			sourceTree = "<group>";
		};
		BA8B02A51E30633F00C6E751 /* Products */ = {
			isa = PBXGroup;
			children = (
				BA8B02A41E30633F00C6E751 /* SC03_09_ Inheritance */,
			);
			name = Products;
			sourceTree = "<group>";
		};
		BA8B02A61E30633F00C6E751 /* SC03_09_ Inheritance */ = {
			isa = PBXGroup;
			children = (
				BA8B02A71E30633F00C6E751 /* main.m */,
				BA8B02AE1E30636600C6E751 /* Person.h */,
				BA8B02AF1E30636600C6E751 /* Person.m */,
				BA8B02B41E3063A600C6E751 /* Student.h */,
				BA8B02B51E3063A600C6E751 /* Student.m */,
				BA8B02B71E3063C000C6E751 /* UniversityStudent.h */,
				BA8B02B81E3063C000C6E751 /* UniversityStudent.m */,
				BA8B02BA1E30666200C6E751 /* Food.h */,
				BA8B02BB1E30666200C6E751 /* Food.m */,
			);
			path = "SC03_09_ Inheritance";
			sourceTree = "<group>";
		};
/* End PBXGroup section */

/* Begin PBXNativeTarget section */
		BA8B02A31E30633F00C6E751 /* SC03_09_ Inheritance */ = {
			isa = PBXNativeTarget;
			buildConfigurationList = BA8B02AB1E30633F00C6E751 /* Build configuration list for PBXNativeTarget "SC03_09_ Inheritance" */;
			buildPhases = (
				BA8B02A01E30633F00C6E751 /* Sources */,
				BA8B02A11E30633F00C6E751 /* Frameworks */,
				BA8B02A21E30633F00C6E751 /* CopyFiles */,
			);
			buildRules = (
			);
			dependencies = (
			);
			name = "SC03_09_ Inheritance";
			productName = "SC03_09_ Inheritance";
			productReference = BA8B02A41E30633F00C6E751 /* SC03_09_ Inheritance */;
			productType = "com.apple.product-type.tool";
		};
/* End PBXNativeTarget section */

/* Begin PBXProject section */
		BA8B029C1E30633F00C6E751 /* Project object */ = {
			isa = PBXProject;
			attributes = {
				LastUpgradeCheck = 0820;
				ORGANIZATIONNAME = SSangGA;
				TargetAttributes = {
					BA8B02A31E30633F00C6E751 = {
						CreatedOnToolsVersion = 8.2;
						DevelopmentTeam = YRRPYZBQ6X;
						ProvisioningStyle = Automatic;
					};
				};
			};
			buildConfigurationList = BA8B029F1E30633F00C6E751 /* Build configuration list for PBXProject "SC03_09_ Inheritance" */;
			compatibilityVersion = "Xcode 3.2";
			developmentRegion = English;
			hasScannedForEncodings = 0;
			knownRegions = (
				en,
			);
			mainGroup = BA8B029B1E30633F00C6E751;
			productRefGroup = BA8B02A51E30633F00C6E751 /* Products */;
			projectDirPath = "";
			projectRoot = "";
			targets = (
				BA8B02A31E30633F00C6E751 /* SC03_09_ Inheritance */,
			);
		};
/* End PBXProject section */

/* Begin PBXSourcesBuildPhase section */
		BA8B02A01E30633F00C6E751 /* Sources */ = {
			isa = PBXSourcesBuildPhase;
			buildActionMask = 2147483647;
			files = (
				BA8B02BC1E30666200C6E751 /* Food.m in Sources */,
				BA8B02B01E30636600C6E751 /* Person.m in Sources */,
				BA8B02A81E30633F00C6E751 /* main.m in Sources */,
				BA8B02B61E3063A600C6E751 /* Student.m in Sources */,
				BA8B02B91E3063C000C6E751 /* UniversityStudent.m in Sources */,
			);
			runOnlyForDeploymentPostprocessing = 0;
		};
/* End PBXSourcesBuildPhase section */

/* Begin XCBuildConfiguration section */
		BA8B02A91E30633F00C6E751 /* Debug */ = {
			isa = XCBuildConfiguration;
			buildSettings = {
				ALWAYS_SEARCH_USER_PATHS = NO;
				CLANG_ANALYZER_NONNULL = YES;
				CLANG_CXX_LANGUAGE_STANDARD = "gnu++0x";
				CLANG_CXX_LIBRARY = "libc++";
				CLANG_ENABLE_MODULES = YES;
				CLANG_ENABLE_OBJC_ARC = YES;
				CLANG_WARN_BOOL_CONVERSION = YES;
				CLANG_WARN_CONSTANT_CONVERSION = YES;
				CLANG_WARN_DIRECT_OBJC_ISA_USAGE = YES_ERROR;
				CLANG_WARN_DOCUMENTATION_COMMENTS = YES;
				CLANG_WARN_EMPTY_BODY = YES;
				CLANG_WARN_ENUM_CONVERSION = YES;
				CLANG_WARN_INFINITE_RECURSION = YES;
				CLANG_WARN_INT_CONVERSION = YES;
				CLANG_WARN_OBJC_ROOT_CLASS = YES_ERROR;
				CLANG_WARN_SUSPICIOUS_MOVE = YES;
				CLANG_WARN_UNREACHABLE_CODE = YES;
				CLANG_WARN__DUPLICATE_METHOD_MATCH = YES;
				CODE_SIGN_IDENTITY = "-";
				COPY_PHASE_STRIP = NO;
				DEBUG_INFORMATION_FORMAT = dwarf;
				ENABLE_STRICT_OBJC_MSGSEND = YES;
				ENABLE_TESTABILITY = YES;
				GCC_C_LANGUAGE_STANDARD = gnu99;
				GCC_DYNAMIC_NO_PIC = NO;
				GCC_NO_COMMON_BLOCKS = YES;
				GCC_OPTIMIZATION_LEVEL = 0;
				GCC_PREPROCESSOR_DEFINITIONS = (
					"DEBUG=1",
					"$(inherited)",
				);
				GCC_WARN_64_TO_32_BIT_CONVERSION = YES;
				GCC_WARN_ABOUT_RETURN_TYPE = YES_ERROR;
				GCC_WARN_UNDECLARED_SELECTOR = YES;
				GCC_WARN_UNINITIALIZED_AUTOS = YES_AGGRESSIVE;
				GCC_WARN_UNUSED_FUNCTION = YES;
				GCC_WARN_UNUSED_VARIABLE = YES;
				MACOSX_DEPLOYMENT_TARGET = 10.12;
				MTL_ENABLE_DEBUG_INFO = YES;
				ONLY_ACTIVE_ARCH = YES;
				SDKROOT = macosx;
			};
			name = Debug;
		};
		BA8B02AA1E30633F00C6E751 /* Release */ = {
			isa = XCBuildConfiguration;
			buildSettings = {
				ALWAYS_SEARCH_USER_PATHS = NO;
				CLANG_ANALYZER_NONNULL = YES;
				CLANG_CXX_LANGUAGE_STANDARD = "gnu++0x";
				CLANG_CXX_LIBRARY = "libc++";
				CLANG_ENABLE_MODULES = YES;
				CLANG_ENABLE_OBJC_ARC = YES;
				CLANG_WARN_BOOL_CONVERSION = YES;
				CLANG_WARN_CONSTANT_CONVERSION = YES;
				CLANG_WARN_DIRECT_OBJC_ISA_USAGE = YES_ERROR;
				CLANG_WARN_DOCUMENTATION_COMMENTS = YES;
				CLANG_WARN_EMPTY_BODY = YES;
				CLANG_WARN_ENUM_CONVERSION = YES;
				CLANG_WARN_INFINITE_RECURSION = YES;
				CLANG_WARN_INT_CONVERSION = YES;
				CLANG_WARN_OBJC_ROOT_CLASS = YES_ERROR;
				CLANG_WARN_SUSPICIOUS_MOVE = YES;
				CLANG_WARN_UNREACHABLE_CODE = YES;
				CLANG_WARN__DUPLICATE_METHOD_MATCH = YES;
				CODE_SIGN_IDENTITY = "-";
				COPY_PHASE_STRIP = NO;
				DEBUG_INFORMATION_FORMAT = "dwarf-with-dsym";
				ENABLE_NS_ASSERTIONS = NO;
				ENABLE_STRICT_OBJC_MSGSEND = YES;
				GCC_C_LANGUAGE_STANDARD = gnu99;
				GCC_NO_COMMON_BLOCKS = YES;
				GCC_WARN_64_TO_32_BIT_CONVERSION = YES;
				GCC_WARN_ABOUT_RETURN_TYPE = YES_ERROR;
				GCC_WARN_UNDECLARED_SELECTOR = YES;
				GCC_WARN_UNINITIALIZED_AUTOS = YES_AGGRESSIVE;
				GCC_WARN_UNUSED_FUNCTION = YES;
				GCC_WARN_UNUSED_VARIABLE = YES;
				MACOSX_DEPLOYMENT_TARGET = 10.12;
				MTL_ENABLE_DEBUG_INFO = NO;
				SDKROOT = macosx;
			};
			name = Release;
		};
		BA8B02AC1E30633F00C6E751 /* Debug */ = {
			isa = XCBuildConfiguration;
			buildSettings = {
				DEVELOPMENT_TEAM = YRRPYZBQ6X;
				PRODUCT_NAME = "$(TARGET_NAME)";
			};
			name = Debug;
		};
		BA8B02AD1E30633F00C6E751 /* Release */ = {
			isa = XCBuildConfiguration;
			buildSettings = {
				DEVELOPMENT_TEAM = YRRPYZBQ6X;
				PRODUCT_NAME = "$(TARGET_NAME)";
			};
			name = Release;
		};
/* End XCBuildConfiguration section */

/* Begin XCConfigurationList section */
		BA8B029F1E30633F00C6E751 /* Build configuration list for PBXProject "SC03_09_ Inheritance" */ = {
			isa = XCConfigurationList;
			buildConfigurations = (
				BA8B02A91E30633F00C6E751 /* Debug */,
				BA8B02AA1E30633F00C6E751 /* Release */,
			);
			defaultConfigurationIsVisible = 0;
			defaultConfigurationName = Release;
		};
		BA8B02AB1E30633F00C6E751 /* Build configuration list for PBXNativeTarget "SC03_09_ Inheritance" */ = {
			isa = XCConfigurationList;
			buildConfigurations = (
				BA8B02AC1E30633F00C6E751 /* Debug */,
				BA8B02AD1E30633F00C6E751 /* Release */,
			);
			defaultConfigurationIsVisible = 0;
		};
/* End XCConfigurationList section */
	};
	rootObject = BA8B029C1E30633F00C6E751 /* Project object */;
}
