// !$*UTF8*$!
{
	archiveVersion = 1;
	classes = {
	};
	objectVersion = 46;
	objects = {

/* Begin PBXBuildFile section */
		BA6C99451E79274100DF29A5 /* bear.jpg in Resources */ = {isa = PBXBuildFile; fileRef = BA6C99261E79274100DF29A5 /* bear.jpg */; };
		BA6C99461E79274100DF29A5 /* black_swan.jpg in Resources */ = {isa = PBXBuildFile; fileRef = BA6C99271E79274100DF29A5 /* black_swan.jpg */; };
		BA6C99471E79274100DF29A5 /* buffalo.jpg in Resources */ = {isa = PBXBuildFile; fileRef = BA6C99281E79274100DF29A5 /* buffalo.jpg */; };
		BA6C99481E79274100DF29A5 /* camel.jpg in Resources */ = {isa = PBXBuildFile; fileRef = BA6C99291E79274100DF29A5 /* camel.jpg */; };
		BA6C99491E79274100DF29A5 /* cockatoo.jpg in Resources */ = {isa = PBXBuildFile; fileRef = BA6C992A1E79274100DF29A5 /* cockatoo.jpg */; };
		BA6C994A1E79274100DF29A5 /* dog.jpg in Resources */ = {isa = PBXBuildFile; fileRef = BA6C992B1E79274100DF29A5 /* dog.jpg */; };
		BA6C994B1E79274100DF29A5 /* donkey.jpg in Resources */ = {isa = PBXBuildFile; fileRef = BA6C992C1E79274100DF29A5 /* donkey.jpg */; };
		BA6C994C1E79274100DF29A5 /* duck.jpg in Resources */ = {isa = PBXBuildFile; fileRef = BA6C992D1E79274100DF29A5 /* duck.jpg */; };
		BA6C994D1E79274100DF29A5 /* elephant.jpg in Resources */ = {isa = PBXBuildFile; fileRef = BA6C992E1E79274100DF29A5 /* elephant.jpg */; };
		BA6C994E1E79274100DF29A5 /* emu.jpg in Resources */ = {isa = PBXBuildFile; fileRef = BA6C992F1E79274100DF29A5 /* emu.jpg */; };
		BA6C994F1E79274100DF29A5 /* giraffe.jpg in Resources */ = {isa = PBXBuildFile; fileRef = BA6C99301E79274100DF29A5 /* giraffe.jpg */; };
		BA6C99501E79274100DF29A5 /* greater_rhea.jpg in Resources */ = {isa = PBXBuildFile; fileRef = BA6C99311E79274100DF29A5 /* greater_rhea.jpg */; };
		BA6C99511E79274100DF29A5 /* guinea_pig.jpg in Resources */ = {isa = PBXBuildFile; fileRef = BA6C99321E79274100DF29A5 /* guinea_pig.jpg */; };
		BA6C99521E79274100DF29A5 /* hippopotamus.jpg in Resources */ = {isa = PBXBuildFile; fileRef = BA6C99331E79274100DF29A5 /* hippopotamus.jpg */; };
		BA6C99531E79274100DF29A5 /* horse.jpg in Resources */ = {isa = PBXBuildFile; fileRef = BA6C99341E79274100DF29A5 /* horse.jpg */; };
		BA6C99541E79274100DF29A5 /* koala.jpg in Resources */ = {isa = PBXBuildFile; fileRef = BA6C99351E79274100DF29A5 /* koala.jpg */; };
		BA6C99551E79274100DF29A5 /* lion.jpg in Resources */ = {isa = PBXBuildFile; fileRef = BA6C99361E79274100DF29A5 /* lion.jpg */; };
		BA6C99561E79274100DF29A5 /* llama.jpg in Resources */ = {isa = PBXBuildFile; fileRef = BA6C99371E79274100DF29A5 /* llama.jpg */; };
		BA6C99571E79274100DF29A5 /* manatus.jpg in Resources */ = {isa = PBXBuildFile; fileRef = BA6C99381E79274100DF29A5 /* manatus.jpg */; };
		BA6C99581E79274100DF29A5 /* meerkat.jpg in Resources */ = {isa = PBXBuildFile; fileRef = BA6C99391E79274100DF29A5 /* meerkat.jpg */; };
		BA6C99591E79274100DF29A5 /* panda.jpg in Resources */ = {isa = PBXBuildFile; fileRef = BA6C993A1E79274100DF29A5 /* panda.jpg */; };
		BA6C995A1E79274100DF29A5 /* peacock.jpg in Resources */ = {isa = PBXBuildFile; fileRef = BA6C993B1E79274100DF29A5 /* peacock.jpg */; };
		BA6C995B1E79274100DF29A5 /* pig.jpg in Resources */ = {isa = PBXBuildFile; fileRef = BA6C993C1E79274100DF29A5 /* pig.jpg */; };
		BA6C995C1E79274100DF29A5 /* platypus.jpg in Resources */ = {isa = PBXBuildFile; fileRef = BA6C993D1E79274100DF29A5 /* platypus.jpg */; };
		BA6C995D1E79274100DF29A5 /* polar_bear.jpg in Resources */ = {isa = PBXBuildFile; fileRef = BA6C993E1E79274100DF29A5 /* polar_bear.jpg */; };
		BA6C995E1E79274100DF29A5 /* rhinoceros.jpg in Resources */ = {isa = PBXBuildFile; fileRef = BA6C993F1E79274100DF29A5 /* rhinoceros.jpg */; };
		BA6C995F1E79274100DF29A5 /* seagull.jpg in Resources */ = {isa = PBXBuildFile; fileRef = BA6C99401E79274100DF29A5 /* seagull.jpg */; };
		BA6C99601E79274100DF29A5 /* tasmania_devil.jpg in Resources */ = {isa = PBXBuildFile; fileRef = BA6C99411E79274100DF29A5 /* tasmania_devil.jpg */; };
		BA6C99611E79274100DF29A5 /* whale_shark.jpg in Resources */ = {isa = PBXBuildFile; fileRef = BA6C99421E79274100DF29A5 /* whale_shark.jpg */; };
		BA6C99621E79274100DF29A5 /* whale.jpg in Resources */ = {isa = PBXBuildFile; fileRef = BA6C99431E79274100DF29A5 /* whale.jpg */; };
		BA6C99631E79274100DF29A5 /* wombat.jpg in Resources */ = {isa = PBXBuildFile; fileRef = BA6C99441E79274100DF29A5 /* wombat.jpg */; };
		BAF21CE61E554946001047FE /* main.m in Sources */ = {isa = PBXBuildFile; fileRef = BAF21CE51E554946001047FE /* main.m */; };
		BAF21CE91E554946001047FE /* AppDelegate.m in Sources */ = {isa = PBXBuildFile; fileRef = BAF21CE81E554946001047FE /* AppDelegate.m */; };
		BAF21CEC1E554946001047FE /* ViewController.m in Sources */ = {isa = PBXBuildFile; fileRef = BAF21CEB1E554946001047FE /* ViewController.m */; };
		BAF21CEF1E554946001047FE /* Main.storyboard in Resources */ = {isa = PBXBuildFile; fileRef = BAF21CED1E554946001047FE /* Main.storyboard */; };
		BAF21CF11E554946001047FE /* Assets.xcassets in Resources */ = {isa = PBXBuildFile; fileRef = BAF21CF01E554946001047FE /* Assets.xcassets */; };
		BAF21CF41E554946001047FE /* LaunchScreen.storyboard in Resources */ = {isa = PBXBuildFile; fileRef = BAF21CF21E554946001047FE /* LaunchScreen.storyboard */; };
		BAF21D291E558DD6001047FE /* DataCenter.m in Sources */ = {isa = PBXBuildFile; fileRef = BAF21D281E558DD6001047FE /* DataCenter.m */; };
		BAF21D2B1E558F7B001047FE /* animals in Resources */ = {isa = PBXBuildFile; fileRef = BAF21D2A1E558F7B001047FE /* animals */; };
/* End PBXBuildFile section */

/* Begin PBXFileReference section */
		BA6C99261E79274100DF29A5 /* bear.jpg */ = {isa = PBXFileReference; lastKnownFileType = image.jpeg; name = bear.jpg; path = animals/bear.jpg; sourceTree = "<group>"; };
		BA6C99271E79274100DF29A5 /* black_swan.jpg */ = {isa = PBXFileReference; lastKnownFileType = image.jpeg; name = black_swan.jpg; path = animals/black_swan.jpg; sourceTree = "<group>"; };
		BA6C99281E79274100DF29A5 /* buffalo.jpg */ = {isa = PBXFileReference; lastKnownFileType = image.jpeg; name = buffalo.jpg; path = animals/buffalo.jpg; sourceTree = "<group>"; };
		BA6C99291E79274100DF29A5 /* camel.jpg */ = {isa = PBXFileReference; lastKnownFileType = image.jpeg; name = camel.jpg; path = animals/camel.jpg; sourceTree = "<group>"; };
		BA6C992A1E79274100DF29A5 /* cockatoo.jpg */ = {isa = PBXFileReference; lastKnownFileType = image.jpeg; name = cockatoo.jpg; path = animals/cockatoo.jpg; sourceTree = "<group>"; };
		BA6C992B1E79274100DF29A5 /* dog.jpg */ = {isa = PBXFileReference; lastKnownFileType = image.jpeg; name = dog.jpg; path = animals/dog.jpg; sourceTree = "<group>"; };
		BA6C992C1E79274100DF29A5 /* donkey.jpg */ = {isa = PBXFileReference; lastKnownFileType = image.jpeg; name = donkey.jpg; path = animals/donkey.jpg; sourceTree = "<group>"; };
		BA6C992D1E79274100DF29A5 /* duck.jpg */ = {isa = PBXFileReference; lastKnownFileType = image.jpeg; name = duck.jpg; path = animals/duck.jpg; sourceTree = "<group>"; };
		BA6C992E1E79274100DF29A5 /* elephant.jpg */ = {isa = PBXFileReference; lastKnownFileType = image.jpeg; name = elephant.jpg; path = animals/elephant.jpg; sourceTree = "<group>"; };
		BA6C992F1E79274100DF29A5 /* emu.jpg */ = {isa = PBXFileReference; lastKnownFileType = image.jpeg; name = emu.jpg; path = animals/emu.jpg; sourceTree = "<group>"; };
		BA6C99301E79274100DF29A5 /* giraffe.jpg */ = {isa = PBXFileReference; lastKnownFileType = image.jpeg; name = giraffe.jpg; path = animals/giraffe.jpg; sourceTree = "<group>"; };
		BA6C99311E79274100DF29A5 /* greater_rhea.jpg */ = {isa = PBXFileReference; lastKnownFileType = image.jpeg; name = greater_rhea.jpg; path = animals/greater_rhea.jpg; sourceTree = "<group>"; };
		BA6C99321E79274100DF29A5 /* guinea_pig.jpg */ = {isa = PBXFileReference; lastKnownFileType = image.jpeg; name = guinea_pig.jpg; path = animals/guinea_pig.jpg; sourceTree = "<group>"; };
		BA6C99331E79274100DF29A5 /* hippopotamus.jpg */ = {isa = PBXFileReference; lastKnownFileType = image.jpeg; name = hippopotamus.jpg; path = animals/hippopotamus.jpg; sourceTree = "<group>"; };
		BA6C99341E79274100DF29A5 /* horse.jpg */ = {isa = PBXFileReference; lastKnownFileType = image.jpeg; name = horse.jpg; path = animals/horse.jpg; sourceTree = "<group>"; };
		BA6C99351E79274100DF29A5 /* koala.jpg */ = {isa = PBXFileReference; lastKnownFileType = image.jpeg; name = koala.jpg; path = animals/koala.jpg; sourceTree = "<group>"; };
		BA6C99361E79274100DF29A5 /* lion.jpg */ = {isa = PBXFileReference; lastKnownFileType = image.jpeg; name = lion.jpg; path = animals/lion.jpg; sourceTree = "<group>"; };
		BA6C99371E79274100DF29A5 /* llama.jpg */ = {isa = PBXFileReference; lastKnownFileType = image.jpeg; name = llama.jpg; path = animals/llama.jpg; sourceTree = "<group>"; };
		BA6C99381E79274100DF29A5 /* manatus.jpg */ = {isa = PBXFileReference; lastKnownFileType = image.jpeg; name = manatus.jpg; path = animals/manatus.jpg; sourceTree = "<group>"; };
		BA6C99391E79274100DF29A5 /* meerkat.jpg */ = {isa = PBXFileReference; lastKnownFileType = image.jpeg; name = meerkat.jpg; path = animals/meerkat.jpg; sourceTree = "<group>"; };
		BA6C993A1E79274100DF29A5 /* panda.jpg */ = {isa = PBXFileReference; lastKnownFileType = image.jpeg; name = panda.jpg; path = animals/panda.jpg; sourceTree = "<group>"; };
		BA6C993B1E79274100DF29A5 /* peacock.jpg */ = {isa = PBXFileReference; lastKnownFileType = image.jpeg; name = peacock.jpg; path = animals/peacock.jpg; sourceTree = "<group>"; };
		BA6C993C1E79274100DF29A5 /* pig.jpg */ = {isa = PBXFileReference; lastKnownFileType = image.jpeg; name = pig.jpg; path = animals/pig.jpg; sourceTree = "<group>"; };
		BA6C993D1E79274100DF29A5 /* platypus.jpg */ = {isa = PBXFileReference; lastKnownFileType = image.jpeg; name = platypus.jpg; path = animals/platypus.jpg; sourceTree = "<group>"; };
		BA6C993E1E79274100DF29A5 /* polar_bear.jpg */ = {isa = PBXFileReference; lastKnownFileType = image.jpeg; name = polar_bear.jpg; path = animals/polar_bear.jpg; sourceTree = "<group>"; };
		BA6C993F1E79274100DF29A5 /* rhinoceros.jpg */ = {isa = PBXFileReference; lastKnownFileType = image.jpeg; name = rhinoceros.jpg; path = animals/rhinoceros.jpg; sourceTree = "<group>"; };
		BA6C99401E79274100DF29A5 /* seagull.jpg */ = {isa = PBXFileReference; lastKnownFileType = image.jpeg; name = seagull.jpg; path = animals/seagull.jpg; sourceTree = "<group>"; };
		BA6C99411E79274100DF29A5 /* tasmania_devil.jpg */ = {isa = PBXFileReference; lastKnownFileType = image.jpeg; name = tasmania_devil.jpg; path = animals/tasmania_devil.jpg; sourceTree = "<group>"; };
		BA6C99421E79274100DF29A5 /* whale_shark.jpg */ = {isa = PBXFileReference; lastKnownFileType = image.jpeg; name = whale_shark.jpg; path = animals/whale_shark.jpg; sourceTree = "<group>"; };
		BA6C99431E79274100DF29A5 /* whale.jpg */ = {isa = PBXFileReference; lastKnownFileType = image.jpeg; name = whale.jpg; path = animals/whale.jpg; sourceTree = "<group>"; };
		BA6C99441E79274100DF29A5 /* wombat.jpg */ = {isa = PBXFileReference; lastKnownFileType = image.jpeg; name = wombat.jpg; path = animals/wombat.jpg; sourceTree = "<group>"; };
		BAF21CE11E554946001047FE /* UITableViewClassContents.app */ = {isa = PBXFileReference; explicitFileType = wrapper.application; includeInIndex = 0; path = UITableViewClassContents.app; sourceTree = BUILT_PRODUCTS_DIR; };
		BAF21CE51E554946001047FE /* main.m */ = {isa = PBXFileReference; lastKnownFileType = sourcecode.c.objc; path = main.m; sourceTree = "<group>"; };
		BAF21CE71E554946001047FE /* AppDelegate.h */ = {isa = PBXFileReference; lastKnownFileType = sourcecode.c.h; path = AppDelegate.h; sourceTree = "<group>"; };
		BAF21CE81E554946001047FE /* AppDelegate.m */ = {isa = PBXFileReference; lastKnownFileType = sourcecode.c.objc; path = AppDelegate.m; sourceTree = "<group>"; };
		BAF21CEA1E554946001047FE /* ViewController.h */ = {isa = PBXFileReference; lastKnownFileType = sourcecode.c.h; path = ViewController.h; sourceTree = "<group>"; };
		BAF21CEB1E554946001047FE /* ViewController.m */ = {isa = PBXFileReference; lastKnownFileType = sourcecode.c.objc; path = ViewController.m; sourceTree = "<group>"; };
		BAF21CEE1E554946001047FE /* Base */ = {isa = PBXFileReference; lastKnownFileType = file.storyboard; name = Base; path = Base.lproj/Main.storyboard; sourceTree = "<group>"; };
		BAF21CF01E554946001047FE /* Assets.xcassets */ = {isa = PBXFileReference; lastKnownFileType = folder.assetcatalog; path = Assets.xcassets; sourceTree = "<group>"; };
		BAF21CF31E554946001047FE /* Base */ = {isa = PBXFileReference; lastKnownFileType = file.storyboard; name = Base; path = Base.lproj/LaunchScreen.storyboard; sourceTree = "<group>"; };
		BAF21CF51E554946001047FE /* Info.plist */ = {isa = PBXFileReference; lastKnownFileType = text.plist.xml; path = Info.plist; sourceTree = "<group>"; };
		BAF21D271E558DD6001047FE /* DataCenter.h */ = {isa = PBXFileReference; fileEncoding = 4; lastKnownFileType = sourcecode.c.h; path = DataCenter.h; sourceTree = "<group>"; };
		BAF21D281E558DD6001047FE /* DataCenter.m */ = {isa = PBXFileReference; fileEncoding = 4; lastKnownFileType = sourcecode.c.objc; path = DataCenter.m; sourceTree = "<group>"; };
		BAF21D2A1E558F7B001047FE /* animals */ = {isa = PBXFileReference; lastKnownFileType = folder; path = animals; sourceTree = "<group>"; };
/* End PBXFileReference section */

/* Begin PBXFrameworksBuildPhase section */
		BAF21CDE1E554946001047FE /* Frameworks */ = {
			isa = PBXFrameworksBuildPhase;
			buildActionMask = 2147483647;
			files = (
			);
			runOnlyForDeploymentPostprocessing = 0;
		};
/* End PBXFrameworksBuildPhase section */

/* Begin PBXGroup section */
		BAF21CD81E554946001047FE = {
			isa = PBXGroup;
			children = (
				BAF21CE31E554946001047FE /* UITableViewClassContents */,
				BAF21CE21E554946001047FE /* Products */,
			);
			sourceTree = "<group>";
		};
		BAF21CE21E554946001047FE /* Products */ = {
			isa = PBXGroup;
			children = (
				BAF21CE11E554946001047FE /* UITableViewClassContents.app */,
			);
			name = Products;
			sourceTree = "<group>";
		};
		BAF21CE31E554946001047FE /* UITableViewClassContents */ = {
			isa = PBXGroup;
			children = (
				BAF21CE71E554946001047FE /* AppDelegate.h */,
				BAF21CE81E554946001047FE /* AppDelegate.m */,
				BAF21CEA1E554946001047FE /* ViewController.h */,
				BAF21CEB1E554946001047FE /* ViewController.m */,
				BAF21CED1E554946001047FE /* Main.storyboard */,
				BAF21CF01E554946001047FE /* Assets.xcassets */,
				BAF21D271E558DD6001047FE /* DataCenter.h */,
				BAF21D281E558DD6001047FE /* DataCenter.m */,
				BA6C99261E79274100DF29A5 /* bear.jpg */,
				BA6C99271E79274100DF29A5 /* black_swan.jpg */,
				BA6C99281E79274100DF29A5 /* buffalo.jpg */,
				BA6C99291E79274100DF29A5 /* camel.jpg */,
				BA6C992A1E79274100DF29A5 /* cockatoo.jpg */,
				BA6C992B1E79274100DF29A5 /* dog.jpg */,
				BA6C992C1E79274100DF29A5 /* donkey.jpg */,
				BA6C992D1E79274100DF29A5 /* duck.jpg */,
				BA6C992E1E79274100DF29A5 /* elephant.jpg */,
				BA6C992F1E79274100DF29A5 /* emu.jpg */,
				BA6C99301E79274100DF29A5 /* giraffe.jpg */,
				BA6C99311E79274100DF29A5 /* greater_rhea.jpg */,
				BA6C99321E79274100DF29A5 /* guinea_pig.jpg */,
				BA6C99331E79274100DF29A5 /* hippopotamus.jpg */,
				BA6C99341E79274100DF29A5 /* horse.jpg */,
				BA6C99351E79274100DF29A5 /* koala.jpg */,
				BA6C99361E79274100DF29A5 /* lion.jpg */,
				BA6C99371E79274100DF29A5 /* llama.jpg */,
				BA6C99381E79274100DF29A5 /* manatus.jpg */,
				BA6C99391E79274100DF29A5 /* meerkat.jpg */,
				BA6C993A1E79274100DF29A5 /* panda.jpg */,
				BA6C993B1E79274100DF29A5 /* peacock.jpg */,
				BA6C993C1E79274100DF29A5 /* pig.jpg */,
				BA6C993D1E79274100DF29A5 /* platypus.jpg */,
				BA6C993E1E79274100DF29A5 /* polar_bear.jpg */,
				BA6C993F1E79274100DF29A5 /* rhinoceros.jpg */,
				BA6C99401E79274100DF29A5 /* seagull.jpg */,
				BA6C99411E79274100DF29A5 /* tasmania_devil.jpg */,
				BA6C99421E79274100DF29A5 /* whale_shark.jpg */,
				BA6C99431E79274100DF29A5 /* whale.jpg */,
				BA6C99441E79274100DF29A5 /* wombat.jpg */,
				BAF21D2A1E558F7B001047FE /* animals */,
				BAF21CF21E554946001047FE /* LaunchScreen.storyboard */,
				BAF21CF51E554946001047FE /* Info.plist */,
				BAF21CE41E554946001047FE /* Supporting Files */,
			);
			path = UITableViewClassContents;
			sourceTree = "<group>";
		};
		BAF21CE41E554946001047FE /* Supporting Files */ = {
			isa = PBXGroup;
			children = (
				BAF21CE51E554946001047FE /* main.m */,
			);
			name = "Supporting Files";
			sourceTree = "<group>";
		};
/* End PBXGroup section */

/* Begin PBXNativeTarget section */
		BAF21CE01E554946001047FE /* UITableViewClassContents */ = {
			isa = PBXNativeTarget;
			buildConfigurationList = BAF21CF81E554946001047FE /* Build configuration list for PBXNativeTarget "UITableViewClassContents" */;
			buildPhases = (
				BAF21CDD1E554946001047FE /* Sources */,
				BAF21CDE1E554946001047FE /* Frameworks */,
				BAF21CDF1E554946001047FE /* Resources */,
			);
			buildRules = (
			);
			dependencies = (
			);
			name = UITableViewClassContents;
			productName = UITableViewClassContents;
			productReference = BAF21CE11E554946001047FE /* UITableViewClassContents.app */;
			productType = "com.apple.product-type.application";
		};
/* End PBXNativeTarget section */

/* Begin PBXProject section */
		BAF21CD91E554946001047FE /* Project object */ = {
			isa = PBXProject;
			attributes = {
				LastUpgradeCheck = 0820;
				ORGANIZATIONNAME = SSangGA;
				TargetAttributes = {
					BAF21CE01E554946001047FE = {
						CreatedOnToolsVersion = 8.2;
						DevelopmentTeam = YRRPYZBQ6X;
						ProvisioningStyle = Automatic;
					};
				};
			};
			buildConfigurationList = BAF21CDC1E554946001047FE /* Build configuration list for PBXProject "UITableViewClassContents" */;
			compatibilityVersion = "Xcode 3.2";
			developmentRegion = English;
			hasScannedForEncodings = 0;
			knownRegions = (
				en,
				Base,
			);
			mainGroup = BAF21CD81E554946001047FE;
			productRefGroup = BAF21CE21E554946001047FE /* Products */;
			projectDirPath = "";
			projectRoot = "";
			targets = (
				BAF21CE01E554946001047FE /* UITableViewClassContents */,
			);
		};
/* End PBXProject section */

/* Begin PBXResourcesBuildPhase section */
		BAF21CDF1E554946001047FE /* Resources */ = {
			isa = PBXResourcesBuildPhase;
			buildActionMask = 2147483647;
			files = (
				BAF21D2B1E558F7B001047FE /* animals in Resources */,
				BA6C99551E79274100DF29A5 /* lion.jpg in Resources */,
				BA6C99601E79274100DF29A5 /* tasmania_devil.jpg in Resources */,
				BA6C994D1E79274100DF29A5 /* elephant.jpg in Resources */,
				BA6C995F1E79274100DF29A5 /* seagull.jpg in Resources */,
				BA6C99471E79274100DF29A5 /* buffalo.jpg in Resources */,
				BA6C99481E79274100DF29A5 /* camel.jpg in Resources */,
				BA6C99451E79274100DF29A5 /* bear.jpg in Resources */,
				BA6C994F1E79274100DF29A5 /* giraffe.jpg in Resources */,
				BAF21CF41E554946001047FE /* LaunchScreen.storyboard in Resources */,
				BA6C99491E79274100DF29A5 /* cockatoo.jpg in Resources */,
				BA6C99561E79274100DF29A5 /* llama.jpg in Resources */,
				BA6C995A1E79274100DF29A5 /* peacock.jpg in Resources */,
				BA6C99501E79274100DF29A5 /* greater_rhea.jpg in Resources */,
				BA6C994A1E79274100DF29A5 /* dog.jpg in Resources */,
				BA6C99571E79274100DF29A5 /* manatus.jpg in Resources */,
				BAF21CF11E554946001047FE /* Assets.xcassets in Resources */,
				BA6C99511E79274100DF29A5 /* guinea_pig.jpg in Resources */,
				BA6C99591E79274100DF29A5 /* panda.jpg in Resources */,
				BA6C99631E79274100DF29A5 /* wombat.jpg in Resources */,
				BA6C995C1E79274100DF29A5 /* platypus.jpg in Resources */,
				BA6C99461E79274100DF29A5 /* black_swan.jpg in Resources */,
				BA6C99611E79274100DF29A5 /* whale_shark.jpg in Resources */,
				BA6C995D1E79274100DF29A5 /* polar_bear.jpg in Resources */,
				BAF21CEF1E554946001047FE /* Main.storyboard in Resources */,
				BA6C99521E79274100DF29A5 /* hippopotamus.jpg in Resources */,
				BA6C994C1E79274100DF29A5 /* duck.jpg in Resources */,
				BA6C99581E79274100DF29A5 /* meerkat.jpg in Resources */,
				BA6C99541E79274100DF29A5 /* koala.jpg in Resources */,
				BA6C995E1E79274100DF29A5 /* rhinoceros.jpg in Resources */,
				BA6C99531E79274100DF29A5 /* horse.jpg in Resources */,
				BA6C995B1E79274100DF29A5 /* pig.jpg in Resources */,
				BA6C99621E79274100DF29A5 /* whale.jpg in Resources */,
				BA6C994B1E79274100DF29A5 /* donkey.jpg in Resources */,
				BA6C994E1E79274100DF29A5 /* emu.jpg in Resources */,
			);
			runOnlyForDeploymentPostprocessing = 0;
		};
/* End PBXResourcesBuildPhase section */

/* Begin PBXSourcesBuildPhase section */
		BAF21CDD1E554946001047FE /* Sources */ = {
			isa = PBXSourcesBuildPhase;
			buildActionMask = 2147483647;
			files = (
				BAF21CEC1E554946001047FE /* ViewController.m in Sources */,
				BAF21CE91E554946001047FE /* AppDelegate.m in Sources */,
				BAF21D291E558DD6001047FE /* DataCenter.m in Sources */,
				BAF21CE61E554946001047FE /* main.m in Sources */,
			);
			runOnlyForDeploymentPostprocessing = 0;
		};
/* End PBXSourcesBuildPhase section */

/* Begin PBXVariantGroup section */
		BAF21CED1E554946001047FE /* Main.storyboard */ = {
			isa = PBXVariantGroup;
			children = (
				BAF21CEE1E554946001047FE /* Base */,
			);
			name = Main.storyboard;
			sourceTree = "<group>";
		};
		BAF21CF21E554946001047FE /* LaunchScreen.storyboard */ = {
			isa = PBXVariantGroup;
			children = (
				BAF21CF31E554946001047FE /* Base */,
			);
			name = LaunchScreen.storyboard;
			sourceTree = "<group>";
		};
/* End PBXVariantGroup section */

/* Begin XCBuildConfiguration section */
		BAF21CF61E554946001047FE /* Debug */ = {
			isa = XCBuildConfiguration;
			buildSettings = {
				ALWAYS_SEARCH_USER_PATHS = NO;
				CLANG_ANALYZER_NONNULL = YES;
				CLANG_CXX_LANGUAGE_STANDARD = "gnu++0x";
				CLANG_CXX_LIBRARY = "libc++";
				CLANG_ENABLE_MODULES = YES;
				CLANG_ENABLE_OBJC_ARC = YES;
				CLANG_WARN_BOOL_CONVERSION = YES;
				CLANG_WARN_CONSTANT_CONVERSION = YES;
				CLANG_WARN_DIRECT_OBJC_ISA_USAGE = YES_ERROR;
				CLANG_WARN_DOCUMENTATION_COMMENTS = YES;
				CLANG_WARN_EMPTY_BODY = YES;
				CLANG_WARN_ENUM_CONVERSION = YES;
				CLANG_WARN_INFINITE_RECURSION = YES;
				CLANG_WARN_INT_CONVERSION = YES;
				CLANG_WARN_OBJC_ROOT_CLASS = YES_ERROR;
				CLANG_WARN_SUSPICIOUS_MOVE = YES;
				CLANG_WARN_UNREACHABLE_CODE = YES;
				CLANG_WARN__DUPLICATE_METHOD_MATCH = YES;
				"CODE_SIGN_IDENTITY[sdk=iphoneos*]" = "iPhone Developer";
				COPY_PHASE_STRIP = NO;
				DEBUG_INFORMATION_FORMAT = dwarf;
				ENABLE_STRICT_OBJC_MSGSEND = YES;
				ENABLE_TESTABILITY = YES;
				GCC_C_LANGUAGE_STANDARD = gnu99;
				GCC_DYNAMIC_NO_PIC = NO;
				GCC_NO_COMMON_BLOCKS = YES;
				GCC_OPTIMIZATION_LEVEL = 0;
				GCC_PREPROCESSOR_DEFINITIONS = (
					"DEBUG=1",
					"$(inherited)",
				);
				GCC_WARN_64_TO_32_BIT_CONVERSION = YES;
				GCC_WARN_ABOUT_RETURN_TYPE = YES_ERROR;
				GCC_WARN_UNDECLARED_SELECTOR = YES;
				GCC_WARN_UNINITIALIZED_AUTOS = YES_AGGRESSIVE;
				GCC_WARN_UNUSED_FUNCTION = YES;
				GCC_WARN_UNUSED_VARIABLE = YES;
				IPHONEOS_DEPLOYMENT_TARGET = 10.2;
				MTL_ENABLE_DEBUG_INFO = YES;
				ONLY_ACTIVE_ARCH = YES;
				SDKROOT = iphoneos;
			};
			name = Debug;
		};
		BAF21CF71E554946001047FE /* Release */ = {
			isa = XCBuildConfiguration;
			buildSettings = {
				ALWAYS_SEARCH_USER_PATHS = NO;
				CLANG_ANALYZER_NONNULL = YES;
				CLANG_CXX_LANGUAGE_STANDARD = "gnu++0x";
				CLANG_CXX_LIBRARY = "libc++";
				CLANG_ENABLE_MODULES = YES;
				CLANG_ENABLE_OBJC_ARC = YES;
				CLANG_WARN_BOOL_CONVERSION = YES;
				CLANG_WARN_CONSTANT_CONVERSION = YES;
				CLANG_WARN_DIRECT_OBJC_ISA_USAGE = YES_ERROR;
				CLANG_WARN_DOCUMENTATION_COMMENTS = YES;
				CLANG_WARN_EMPTY_BODY = YES;
				CLANG_WARN_ENUM_CONVERSION = YES;
				CLANG_WARN_INFINITE_RECURSION = YES;
				CLANG_WARN_INT_CONVERSION = YES;
				CLANG_WARN_OBJC_ROOT_CLASS = YES_ERROR;
				CLANG_WARN_SUSPICIOUS_MOVE = YES;
				CLANG_WARN_UNREACHABLE_CODE = YES;
				CLANG_WARN__DUPLICATE_METHOD_MATCH = YES;
				"CODE_SIGN_IDENTITY[sdk=iphoneos*]" = "iPhone Developer";
				COPY_PHASE_STRIP = NO;
				DEBUG_INFORMATION_FORMAT = "dwarf-with-dsym";
				ENABLE_NS_ASSERTIONS = NO;
				ENABLE_STRICT_OBJC_MSGSEND = YES;
				GCC_C_LANGUAGE_STANDARD = gnu99;
				GCC_NO_COMMON_BLOCKS = YES;
				GCC_WARN_64_TO_32_BIT_CONVERSION = YES;
				GCC_WARN_ABOUT_RETURN_TYPE = YES_ERROR;
				GCC_WARN_UNDECLARED_SELECTOR = YES;
				GCC_WARN_UNINITIALIZED_AUTOS = YES_AGGRESSIVE;
				GCC_WARN_UNUSED_FUNCTION = YES;
				GCC_WARN_UNUSED_VARIABLE = YES;
				IPHONEOS_DEPLOYMENT_TARGET = 10.2;
				MTL_ENABLE_DEBUG_INFO = NO;
				SDKROOT = iphoneos;
				VALIDATE_PRODUCT = YES;
			};
			name = Release;
		};
		BAF21CF91E554946001047FE /* Debug */ = {
			isa = XCBuildConfiguration;
			buildSettings = {
				ASSETCATALOG_COMPILER_APPICON_NAME = AppIcon;
				DEVELOPMENT_TEAM = YRRPYZBQ6X;
				INFOPLIST_FILE = UITableViewClassContents/Info.plist;
				LD_RUNPATH_SEARCH_PATHS = "$(inherited) @executable_path/Frameworks";
				PRODUCT_BUNDLE_IDENTIFIER = SSG.com.UITableViewClassContents;
				PRODUCT_NAME = "$(TARGET_NAME)";
			};
			name = Debug;
		};
		BAF21CFA1E554946001047FE /* Release */ = {
			isa = XCBuildConfiguration;
			buildSettings = {
				ASSETCATALOG_COMPILER_APPICON_NAME = AppIcon;
				DEVELOPMENT_TEAM = YRRPYZBQ6X;
				INFOPLIST_FILE = UITableViewClassContents/Info.plist;
				LD_RUNPATH_SEARCH_PATHS = "$(inherited) @executable_path/Frameworks";
				PRODUCT_BUNDLE_IDENTIFIER = SSG.com.UITableViewClassContents;
				PRODUCT_NAME = "$(TARGET_NAME)";
			};
			name = Release;
		};
/* End XCBuildConfiguration section */

/* Begin XCConfigurationList section */
		BAF21CDC1E554946001047FE /* Build configuration list for PBXProject "UITableViewClassContents" */ = {
			isa = XCConfigurationList;
			buildConfigurations = (
				BAF21CF61E554946001047FE /* Debug */,
				BAF21CF71E554946001047FE /* Release */,
			);
			defaultConfigurationIsVisible = 0;
			defaultConfigurationName = Release;
		};
		BAF21CF81E554946001047FE /* Build configuration list for PBXNativeTarget "UITableViewClassContents" */ = {
			isa = XCConfigurationList;
			buildConfigurations = (
				BAF21CF91E554946001047FE /* Debug */,
				BAF21CFA1E554946001047FE /* Release */,
			);
			defaultConfigurationIsVisible = 0;
			defaultConfigurationName = Release;
		};
/* End XCConfigurationList section */
	};
	rootObject = BAF21CD91E554946001047FE /* Project object */;
}
