// !$*UTF8*$!
{
	archiveVersion = 1;
	classes = {
	};
	objectVersion = 46;
	objects = {

/* Begin PBXBuildFile section */
		BA0352D31E358E970029628D /* main.m in Sources */ = {isa = PBXBuildFile; fileRef = BA0352D21E358E970029628D /* main.m */; };
		BA0352DB1E358ECB0029628D /* Person.m in Sources */ = {isa = PBXBuildFile; fileRef = BA0352DA1E358ECB0029628D /* Person.m */; };
		BA0352DE1E358EDA0029628D /* Bank.m in Sources */ = {isa = PBXBuildFile; fileRef = BA0352DD1E358EDA0029628D /* Bank.m */; };
		BA0352E11E358EEE0029628D /* Man.m in Sources */ = {isa = PBXBuildFile; fileRef = BA0352E01E358EEE0029628D /* Man.m */; };
		BA0352E41E358EF70029628D /* Woman.m in Sources */ = {isa = PBXBuildFile; fileRef = BA0352E31E358EF70029628D /* Woman.m */; };
/* End PBXBuildFile section */

/* Begin PBXCopyFilesBuildPhase section */
		BA0352CD1E358E970029628D /* CopyFiles */ = {
			isa = PBXCopyFilesBuildPhase;
			buildActionMask = 2147483647;
			dstPath = /usr/share/man/man1/;
			dstSubfolderSpec = 0;
			files = (
			);
			runOnlyForDeploymentPostprocessing = 1;
		};
/* End PBXCopyFilesBuildPhase section */

/* Begin PBXFileReference section */
		BA0352CF1E358E970029628D /* SC03_11_QuizTraning */ = {isa = PBXFileReference; explicitFileType = "compiled.mach-o.executable"; includeInIndex = 0; path = SC03_11_QuizTraning; sourceTree = BUILT_PRODUCTS_DIR; };
		BA0352D21E358E970029628D /* main.m */ = {isa = PBXFileReference; lastKnownFileType = sourcecode.c.objc; path = main.m; sourceTree = "<group>"; };
		BA0352D91E358ECB0029628D /* Person.h */ = {isa = PBXFileReference; fileEncoding = 4; lastKnownFileType = sourcecode.c.h; path = Person.h; sourceTree = "<group>"; };
		BA0352DA1E358ECB0029628D /* Person.m */ = {isa = PBXFileReference; fileEncoding = 4; lastKnownFileType = sourcecode.c.objc; path = Person.m; sourceTree = "<group>"; };
		BA0352DC1E358EDA0029628D /* Bank.h */ = {isa = PBXFileReference; fileEncoding = 4; lastKnownFileType = sourcecode.c.h; path = Bank.h; sourceTree = "<group>"; };
		BA0352DD1E358EDA0029628D /* Bank.m */ = {isa = PBXFileReference; fileEncoding = 4; lastKnownFileType = sourcecode.c.objc; path = Bank.m; sourceTree = "<group>"; };
		BA0352DF1E358EEE0029628D /* Man.h */ = {isa = PBXFileReference; fileEncoding = 4; lastKnownFileType = sourcecode.c.h; path = Man.h; sourceTree = "<group>"; };
		BA0352E01E358EEE0029628D /* Man.m */ = {isa = PBXFileReference; fileEncoding = 4; lastKnownFileType = sourcecode.c.objc; path = Man.m; sourceTree = "<group>"; };
		BA0352E21E358EF70029628D /* Woman.h */ = {isa = PBXFileReference; fileEncoding = 4; lastKnownFileType = sourcecode.c.h; path = Woman.h; sourceTree = "<group>"; };
		BA0352E31E358EF70029628D /* Woman.m */ = {isa = PBXFileReference; fileEncoding = 4; lastKnownFileType = sourcecode.c.objc; path = Woman.m; sourceTree = "<group>"; };
/* End PBXFileReference section */

/* Begin PBXFrameworksBuildPhase section */
		BA0352CC1E358E970029628D /* Frameworks */ = {
			isa = PBXFrameworksBuildPhase;
			buildActionMask = 2147483647;
			files = (
			);
			runOnlyForDeploymentPostprocessing = 0;
		};
/* End PBXFrameworksBuildPhase section */

/* Begin PBXGroup section */
		BA0352C61E358E970029628D = {
			isa = PBXGroup;
			children = (
				BA0352D11E358E970029628D /* SC03_11_QuizTraning */,
				BA0352D01E358E970029628D /* Products */,
			);
			sourceTree = "<group>";
		};
		BA0352D01E358E970029628D /* Products */ = {
			isa = PBXGroup;
			children = (
				BA0352CF1E358E970029628D /* SC03_11_QuizTraning */,
			);
			name = Products;
			sourceTree = "<group>";
		};
		BA0352D11E358E970029628D /* SC03_11_QuizTraning */ = {
			isa = PBXGroup;
			children = (
				BA0352D21E358E970029628D /* main.m */,
				BA0352D91E358ECB0029628D /* Person.h */,
				BA0352DA1E358ECB0029628D /* Person.m */,
				BA0352DC1E358EDA0029628D /* Bank.h */,
				BA0352DD1E358EDA0029628D /* Bank.m */,
				BA0352DF1E358EEE0029628D /* Man.h */,
				BA0352E01E358EEE0029628D /* Man.m */,
				BA0352E21E358EF70029628D /* Woman.h */,
				BA0352E31E358EF70029628D /* Woman.m */,
			);
			path = SC03_11_QuizTraning;
			sourceTree = "<group>";
		};
/* End PBXGroup section */

/* Begin PBXNativeTarget section */
		BA0352CE1E358E970029628D /* SC03_11_QuizTraning */ = {
			isa = PBXNativeTarget;
			buildConfigurationList = BA0352D61E358E970029628D /* Build configuration list for PBXNativeTarget "SC03_11_QuizTraning" */;
			buildPhases = (
				BA0352CB1E358E970029628D /* Sources */,
				BA0352CC1E358E970029628D /* Frameworks */,
				BA0352CD1E358E970029628D /* CopyFiles */,
			);
			buildRules = (
			);
			dependencies = (
			);
			name = SC03_11_QuizTraning;
			productName = SC03_11_QuizTraning;
			productReference = BA0352CF1E358E970029628D /* SC03_11_QuizTraning */;
			productType = "com.apple.product-type.tool";
		};
/* End PBXNativeTarget section */

/* Begin PBXProject section */
		BA0352C71E358E970029628D /* Project object */ = {
			isa = PBXProject;
			attributes = {
				LastUpgradeCheck = 0820;
				ORGANIZATIONNAME = SSangGA;
				TargetAttributes = {
					BA0352CE1E358E970029628D = {
						CreatedOnToolsVersion = 8.2;
						DevelopmentTeam = YRRPYZBQ6X;
						ProvisioningStyle = Automatic;
					};
				};
			};
			buildConfigurationList = BA0352CA1E358E970029628D /* Build configuration list for PBXProject "SC03_11_QuizTraning" */;
			compatibilityVersion = "Xcode 3.2";
			developmentRegion = English;
			hasScannedForEncodings = 0;
			knownRegions = (
				en,
			);
			mainGroup = BA0352C61E358E970029628D;
			productRefGroup = BA0352D01E358E970029628D /* Products */;
			projectDirPath = "";
			projectRoot = "";
			targets = (
				BA0352CE1E358E970029628D /* SC03_11_QuizTraning */,
			);
		};
/* End PBXProject section */

/* Begin PBXSourcesBuildPhase section */
		BA0352CB1E358E970029628D /* Sources */ = {
			isa = PBXSourcesBuildPhase;
			buildActionMask = 2147483647;
			files = (
				BA0352E11E358EEE0029628D /* Man.m in Sources */,
				BA0352DB1E358ECB0029628D /* Person.m in Sources */,
				BA0352D31E358E970029628D /* main.m in Sources */,
				BA0352DE1E358EDA0029628D /* Bank.m in Sources */,
				BA0352E41E358EF70029628D /* Woman.m in Sources */,
			);
			runOnlyForDeploymentPostprocessing = 0;
		};
/* End PBXSourcesBuildPhase section */

/* Begin XCBuildConfiguration section */
		BA0352D41E358E970029628D /* Debug */ = {
			isa = XCBuildConfiguration;
			buildSettings = {
				ALWAYS_SEARCH_USER_PATHS = NO;
				CLANG_ANALYZER_NONNULL = YES;
				CLANG_CXX_LANGUAGE_STANDARD = "gnu++0x";
				CLANG_CXX_LIBRARY = "libc++";
				CLANG_ENABLE_MODULES = YES;
				CLANG_ENABLE_OBJC_ARC = YES;
				CLANG_WARN_BOOL_CONVERSION = YES;
				CLANG_WARN_CONSTANT_CONVERSION = YES;
				CLANG_WARN_DIRECT_OBJC_ISA_USAGE = YES_ERROR;
				CLANG_WARN_DOCUMENTATION_COMMENTS = YES;
				CLANG_WARN_EMPTY_BODY = YES;
				CLANG_WARN_ENUM_CONVERSION = YES;
				CLANG_WARN_INFINITE_RECURSION = YES;
				CLANG_WARN_INT_CONVERSION = YES;
				CLANG_WARN_OBJC_ROOT_CLASS = YES_ERROR;
				CLANG_WARN_SUSPICIOUS_MOVE = YES;
				CLANG_WARN_UNREACHABLE_CODE = YES;
				CLANG_WARN__DUPLICATE_METHOD_MATCH = YES;
				CODE_SIGN_IDENTITY = "-";
				COPY_PHASE_STRIP = NO;
				DEBUG_INFORMATION_FORMAT = dwarf;
				ENABLE_STRICT_OBJC_MSGSEND = YES;
				ENABLE_TESTABILITY = YES;
				GCC_C_LANGUAGE_STANDARD = gnu99;
				GCC_DYNAMIC_NO_PIC = NO;
				GCC_NO_COMMON_BLOCKS = YES;
				GCC_OPTIMIZATION_LEVEL = 0;
				GCC_PREPROCESSOR_DEFINITIONS = (
					"DEBUG=1",
					"$(inherited)",
				);
				GCC_WARN_64_TO_32_BIT_CONVERSION = YES;
				GCC_WARN_ABOUT_RETURN_TYPE = YES_ERROR;
				GCC_WARN_UNDECLARED_SELECTOR = YES;
				GCC_WARN_UNINITIALIZED_AUTOS = YES_AGGRESSIVE;
				GCC_WARN_UNUSED_FUNCTION = YES;
				GCC_WARN_UNUSED_VARIABLE = YES;
				MACOSX_DEPLOYMENT_TARGET = 10.12;
				MTL_ENABLE_DEBUG_INFO = YES;
				ONLY_ACTIVE_ARCH = YES;
				SDKROOT = macosx;
			};
			name = Debug;
		};
		BA0352D51E358E970029628D /* Release */ = {
			isa = XCBuildConfiguration;
			buildSettings = {
				ALWAYS_SEARCH_USER_PATHS = NO;
				CLANG_ANALYZER_NONNULL = YES;
				CLANG_CXX_LANGUAGE_STANDARD = "gnu++0x";
				CLANG_CXX_LIBRARY = "libc++";
				CLANG_ENABLE_MODULES = YES;
				CLANG_ENABLE_OBJC_ARC = YES;
				CLANG_WARN_BOOL_CONVERSION = YES;
				CLANG_WARN_CONSTANT_CONVERSION = YES;
				CLANG_WARN_DIRECT_OBJC_ISA_USAGE = YES_ERROR;
				CLANG_WARN_DOCUMENTATION_COMMENTS = YES;
				CLANG_WARN_EMPTY_BODY = YES;
				CLANG_WARN_ENUM_CONVERSION = YES;
				CLANG_WARN_INFINITE_RECURSION = YES;
				CLANG_WARN_INT_CONVERSION = YES;
				CLANG_WARN_OBJC_ROOT_CLASS = YES_ERROR;
				CLANG_WARN_SUSPICIOUS_MOVE = YES;
				CLANG_WARN_UNREACHABLE_CODE = YES;
				CLANG_WARN__DUPLICATE_METHOD_MATCH = YES;
				CODE_SIGN_IDENTITY = "-";
				COPY_PHASE_STRIP = NO;
				DEBUG_INFORMATION_FORMAT = "dwarf-with-dsym";
				ENABLE_NS_ASSERTIONS = NO;
				ENABLE_STRICT_OBJC_MSGSEND = YES;
				GCC_C_LANGUAGE_STANDARD = gnu99;
				GCC_NO_COMMON_BLOCKS = YES;
				GCC_WARN_64_TO_32_BIT_CONVERSION = YES;
				GCC_WARN_ABOUT_RETURN_TYPE = YES_ERROR;
				GCC_WARN_UNDECLARED_SELECTOR = YES;
				GCC_WARN_UNINITIALIZED_AUTOS = YES_AGGRESSIVE;
				GCC_WARN_UNUSED_FUNCTION = YES;
				GCC_WARN_UNUSED_VARIABLE = YES;
				MACOSX_DEPLOYMENT_TARGET = 10.12;
				MTL_ENABLE_DEBUG_INFO = NO;
				SDKROOT = macosx;
			};
			name = Release;
		};
		BA0352D71E358E970029628D /* Debug */ = {
			isa = XCBuildConfiguration;
			buildSettings = {
				DEVELOPMENT_TEAM = YRRPYZBQ6X;
				PRODUCT_NAME = "$(TARGET_NAME)";
			};
			name = Debug;
		};
		BA0352D81E358E970029628D /* Release */ = {
			isa = XCBuildConfiguration;
			buildSettings = {
				DEVELOPMENT_TEAM = YRRPYZBQ6X;
				PRODUCT_NAME = "$(TARGET_NAME)";
			};
			name = Release;
		};
/* End XCBuildConfiguration section */

/* Begin XCConfigurationList section */
		BA0352CA1E358E970029628D /* Build configuration list for PBXProject "SC03_11_QuizTraning" */ = {
			isa = XCConfigurationList;
			buildConfigurations = (
				BA0352D41E358E970029628D /* Debug */,
				BA0352D51E358E970029628D /* Release */,
			);
			defaultConfigurationIsVisible = 0;
			defaultConfigurationName = Release;
		};
		BA0352D61E358E970029628D /* Build configuration list for PBXNativeTarget "SC03_11_QuizTraning" */ = {
			isa = XCConfigurationList;
			buildConfigurations = (
				BA0352D71E358E970029628D /* Debug */,
				BA0352D81E358E970029628D /* Release */,
			);
			defaultConfigurationIsVisible = 0;
		};
/* End XCConfigurationList section */
	};
	rootObject = BA0352C71E358E970029628D /* Project object */;
}
