// !$*UTF8*$!
{
	archiveVersion = 1;
	classes = {
	};
	objectVersion = 46;
	objects = {

/* Begin PBXBuildFile section */
		BA6CC8F51E65972A00C90FF8 /* main.m in Sources */ = {isa = PBXBuildFile; fileRef = BA6CC8F41E65972A00C90FF8 /* main.m */; };
		BA6CC8F81E65972A00C90FF8 /* AppDelegate.m in Sources */ = {isa = PBXBuildFile; fileRef = BA6CC8F71E65972A00C90FF8 /* AppDelegate.m */; };
		BA6CC8FB1E65972A00C90FF8 /* ViewController.m in Sources */ = {isa = PBXBuildFile; fileRef = BA6CC8FA1E65972A00C90FF8 /* ViewController.m */; };
		BA6CC8FE1E65972A00C90FF8 /* Main.storyboard in Resources */ = {isa = PBXBuildFile; fileRef = BA6CC8FC1E65972A00C90FF8 /* Main.storyboard */; };
		BA6CC9001E65972A00C90FF8 /* Assets.xcassets in Resources */ = {isa = PBXBuildFile; fileRef = BA6CC8FF1E65972A00C90FF8 /* Assets.xcassets */; };
		BA6CC9031E65972A00C90FF8 /* LaunchScreen.storyboard in Resources */ = {isa = PBXBuildFile; fileRef = BA6CC9011E65972A00C90FF8 /* LaunchScreen.storyboard */; };
		BA6CC92A1E65999500C90FF8 /* DaumMap.framework in Frameworks */ = {isa = PBXBuildFile; fileRef = BA6CC90D1E65999500C90FF8 /* DaumMap.framework */; };
		BA6CC92B1E65999500C90FF8 /* copyright.png in Resources */ = {isa = PBXBuildFile; fileRef = BA6CC90F1E65999500C90FF8 /* copyright.png */; };
		BA6CC92C1E65999500C90FF8 /* daum_copyright.png in Resources */ = {isa = PBXBuildFile; fileRef = BA6CC9101E65999500C90FF8 /* daum_copyright.png */; };
		BA6CC92D1E65999500C90FF8 /* daum_th_line.png in Resources */ = {isa = PBXBuildFile; fileRef = BA6CC9111E65999500C90FF8 /* daum_th_line.png */; };
		BA6CC92E1E65999500C90FF8 /* detail_button.png in Resources */ = {isa = PBXBuildFile; fileRef = BA6CC9121E65999500C90FF8 /* detail_button.png */; };
		BA6CC92F1E65999500C90FF8 /* info_box.png in Resources */ = {isa = PBXBuildFile; fileRef = BA6CC9131E65999500C90FF8 /* info_box.png */; };
		BA6CC9301E65999500C90FF8 /* info_box_tail.png in Resources */ = {isa = PBXBuildFile; fileRef = BA6CC9141E65999500C90FF8 /* info_box_tail.png */; };
		BA6CC9311E65999500C90FF8 /* map_pin.png in Resources */ = {isa = PBXBuildFile; fileRef = BA6CC9151E65999500C90FF8 /* map_pin.png */; };
		BA6CC9321E65999500C90FF8 /* map_pin@3x.png in Resources */ = {isa = PBXBuildFile; fileRef = BA6CC9161E65999500C90FF8 /* map_pin@3x.png */; };
		BA6CC9331E65999500C90FF8 /* map_pin_custom.png in Resources */ = {isa = PBXBuildFile; fileRef = BA6CC9171E65999500C90FF8 /* map_pin_custom.png */; };
		BA6CC9341E65999500C90FF8 /* map_pin_custom@3x.png in Resources */ = {isa = PBXBuildFile; fileRef = BA6CC9181E65999500C90FF8 /* map_pin_custom@3x.png */; };
		BA6CC9351E65999500C90FF8 /* map_pin_red.png in Resources */ = {isa = PBXBuildFile; fileRef = BA6CC9191E65999500C90FF8 /* map_pin_red.png */; };
		BA6CC9361E65999500C90FF8 /* map_pin_red@3x.png in Resources */ = {isa = PBXBuildFile; fileRef = BA6CC91A1E65999500C90FF8 /* map_pin_red@3x.png */; };
		BA6CC9371E65999500C90FF8 /* map_pin_shadow.png in Resources */ = {isa = PBXBuildFile; fileRef = BA6CC91B1E65999500C90FF8 /* map_pin_shadow.png */; };
		BA6CC9381E65999500C90FF8 /* map_pin_shadow@3x.png in Resources */ = {isa = PBXBuildFile; fileRef = BA6CC91C1E65999500C90FF8 /* map_pin_shadow@3x.png */; };
		BA6CC9391E65999500C90FF8 /* map_pinup.png in Resources */ = {isa = PBXBuildFile; fileRef = BA6CC91D1E65999500C90FF8 /* map_pinup.png */; };
		BA6CC93A1E65999500C90FF8 /* map_pinup@3x.png in Resources */ = {isa = PBXBuildFile; fileRef = BA6CC91E1E65999500C90FF8 /* map_pinup@3x.png */; };
		BA6CC93B1E65999500C90FF8 /* map_pinup_custom.png in Resources */ = {isa = PBXBuildFile; fileRef = BA6CC91F1E65999500C90FF8 /* map_pinup_custom.png */; };
		BA6CC93C1E65999500C90FF8 /* map_pinup_custom@3x.png in Resources */ = {isa = PBXBuildFile; fileRef = BA6CC9201E65999500C90FF8 /* map_pinup_custom@3x.png */; };
		BA6CC93D1E65999500C90FF8 /* map_present.png in Resources */ = {isa = PBXBuildFile; fileRef = BA6CC9211E65999500C90FF8 /* map_present.png */; };
		BA6CC93E1E65999500C90FF8 /* map_present_background_update.png in Resources */ = {isa = PBXBuildFile; fileRef = BA6CC9221E65999500C90FF8 /* map_present_background_update.png */; };
		BA6CC93F1E65999500C90FF8 /* map_present_direction.png in Resources */ = {isa = PBXBuildFile; fileRef = BA6CC9231E65999500C90FF8 /* map_present_direction.png */; };
		BA6CC9401E65999500C90FF8 /* map_present_tracking.png in Resources */ = {isa = PBXBuildFile; fileRef = BA6CC9241E65999500C90FF8 /* map_present_tracking.png */; };
		BA6CC9411E65999500C90FF8 /* noimage.png in Resources */ = {isa = PBXBuildFile; fileRef = BA6CC9251E65999500C90FF8 /* noimage.png */; };
		BA6CC9421E65999500C90FF8 /* noimage256.png in Resources */ = {isa = PBXBuildFile; fileRef = BA6CC9261E65999500C90FF8 /* noimage256.png */; };
		BA6CC9431E65999500C90FF8 /* point_sprite.png in Resources */ = {isa = PBXBuildFile; fileRef = BA6CC9271E65999500C90FF8 /* point_sprite.png */; };
		BA6CC9441E65999500C90FF8 /* shadow_balloon.png in Resources */ = {isa = PBXBuildFile; fileRef = BA6CC9281E65999500C90FF8 /* shadow_balloon.png */; };
		BA6CC9451E65999500C90FF8 /* th_line.png in Resources */ = {isa = PBXBuildFile; fileRef = BA6CC9291E65999500C90FF8 /* th_line.png */; };
		BA6CC9481E659AA200C90FF8 /* OpenGLES.framework in Frameworks */ = {isa = PBXBuildFile; fileRef = BA6CC9471E659AA200C90FF8 /* OpenGLES.framework */; };
		BA6CC94A1E659AAE00C90FF8 /* SystemConfiguration.framework in Frameworks */ = {isa = PBXBuildFile; fileRef = BA6CC9491E659AAE00C90FF8 /* SystemConfiguration.framework */; };
		BA6CC94C1E659AB800C90FF8 /* QuartzCore.framework in Frameworks */ = {isa = PBXBuildFile; fileRef = BA6CC94B1E659AB800C90FF8 /* QuartzCore.framework */; };
		BA6CC94E1E659AC500C90FF8 /* CoreLocation.framework in Frameworks */ = {isa = PBXBuildFile; fileRef = BA6CC94D1E659AC500C90FF8 /* CoreLocation.framework */; };
		BA6CC9501E659B2400C90FF8 /* libstdc++.6.tbd in Frameworks */ = {isa = PBXBuildFile; fileRef = BA6CC94F1E659B2400C90FF8 /* libstdc++.6.tbd */; };
		BA6CC9521E659B3400C90FF8 /* libxml2.tbd in Frameworks */ = {isa = PBXBuildFile; fileRef = BA6CC9511E659B3400C90FF8 /* libxml2.tbd */; };
		BA6CC9541E659B4B00C90FF8 /* libsqlite3.tbd in Frameworks */ = {isa = PBXBuildFile; fileRef = BA6CC9531E659B4B00C90FF8 /* libsqlite3.tbd */; };
/* End PBXBuildFile section */

/* Begin PBXFileReference section */
		BA6CC8F01E65972A00C90FF8 /* MapTest.app */ = {isa = PBXFileReference; explicitFileType = wrapper.application; includeInIndex = 0; path = MapTest.app; sourceTree = BUILT_PRODUCTS_DIR; };
		BA6CC8F41E65972A00C90FF8 /* main.m */ = {isa = PBXFileReference; lastKnownFileType = sourcecode.c.objc; path = main.m; sourceTree = "<group>"; };
		BA6CC8F61E65972A00C90FF8 /* AppDelegate.h */ = {isa = PBXFileReference; lastKnownFileType = sourcecode.c.h; path = AppDelegate.h; sourceTree = "<group>"; };
		BA6CC8F71E65972A00C90FF8 /* AppDelegate.m */ = {isa = PBXFileReference; lastKnownFileType = sourcecode.c.objc; path = AppDelegate.m; sourceTree = "<group>"; };
		BA6CC8F91E65972A00C90FF8 /* ViewController.h */ = {isa = PBXFileReference; lastKnownFileType = sourcecode.c.h; path = ViewController.h; sourceTree = "<group>"; };
		BA6CC8FA1E65972A00C90FF8 /* ViewController.m */ = {isa = PBXFileReference; lastKnownFileType = sourcecode.c.objc; path = ViewController.m; sourceTree = "<group>"; };
		BA6CC8FD1E65972A00C90FF8 /* Base */ = {isa = PBXFileReference; lastKnownFileType = file.storyboard; name = Base; path = Base.lproj/Main.storyboard; sourceTree = "<group>"; };
		BA6CC8FF1E65972A00C90FF8 /* Assets.xcassets */ = {isa = PBXFileReference; lastKnownFileType = folder.assetcatalog; path = Assets.xcassets; sourceTree = "<group>"; };
		BA6CC9021E65972A00C90FF8 /* Base */ = {isa = PBXFileReference; lastKnownFileType = file.storyboard; name = Base; path = Base.lproj/LaunchScreen.storyboard; sourceTree = "<group>"; };
		BA6CC9041E65972A00C90FF8 /* Info.plist */ = {isa = PBXFileReference; lastKnownFileType = text.plist.xml; path = Info.plist; sourceTree = "<group>"; };
		BA6CC90D1E65999500C90FF8 /* DaumMap.framework */ = {isa = PBXFileReference; lastKnownFileType = wrapper.framework; path = DaumMap.framework; sourceTree = "<group>"; };
		BA6CC90F1E65999500C90FF8 /* copyright.png */ = {isa = PBXFileReference; lastKnownFileType = image.png; path = copyright.png; sourceTree = "<group>"; };
		BA6CC9101E65999500C90FF8 /* daum_copyright.png */ = {isa = PBXFileReference; lastKnownFileType = image.png; path = daum_copyright.png; sourceTree = "<group>"; };
		BA6CC9111E65999500C90FF8 /* daum_th_line.png */ = {isa = PBXFileReference; lastKnownFileType = image.png; path = daum_th_line.png; sourceTree = "<group>"; };
		BA6CC9121E65999500C90FF8 /* detail_button.png */ = {isa = PBXFileReference; lastKnownFileType = image.png; path = detail_button.png; sourceTree = "<group>"; };
		BA6CC9131E65999500C90FF8 /* info_box.png */ = {isa = PBXFileReference; lastKnownFileType = image.png; path = info_box.png; sourceTree = "<group>"; };
		BA6CC9141E65999500C90FF8 /* info_box_tail.png */ = {isa = PBXFileReference; lastKnownFileType = image.png; path = info_box_tail.png; sourceTree = "<group>"; };
		BA6CC9151E65999500C90FF8 /* map_pin.png */ = {isa = PBXFileReference; lastKnownFileType = image.png; path = map_pin.png; sourceTree = "<group>"; };
		BA6CC9161E65999500C90FF8 /* map_pin@3x.png */ = {isa = PBXFileReference; lastKnownFileType = image.png; path = "map_pin@3x.png"; sourceTree = "<group>"; };
		BA6CC9171E65999500C90FF8 /* map_pin_custom.png */ = {isa = PBXFileReference; lastKnownFileType = image.png; path = map_pin_custom.png; sourceTree = "<group>"; };
		BA6CC9181E65999500C90FF8 /* map_pin_custom@3x.png */ = {isa = PBXFileReference; lastKnownFileType = image.png; path = "map_pin_custom@3x.png"; sourceTree = "<group>"; };
		BA6CC9191E65999500C90FF8 /* map_pin_red.png */ = {isa = PBXFileReference; lastKnownFileType = image.png; path = map_pin_red.png; sourceTree = "<group>"; };
		BA6CC91A1E65999500C90FF8 /* map_pin_red@3x.png */ = {isa = PBXFileReference; lastKnownFileType = image.png; path = "map_pin_red@3x.png"; sourceTree = "<group>"; };
		BA6CC91B1E65999500C90FF8 /* map_pin_shadow.png */ = {isa = PBXFileReference; lastKnownFileType = image.png; path = map_pin_shadow.png; sourceTree = "<group>"; };
		BA6CC91C1E65999500C90FF8 /* map_pin_shadow@3x.png */ = {isa = PBXFileReference; lastKnownFileType = image.png; path = "map_pin_shadow@3x.png"; sourceTree = "<group>"; };
		BA6CC91D1E65999500C90FF8 /* map_pinup.png */ = {isa = PBXFileReference; lastKnownFileType = image.png; path = map_pinup.png; sourceTree = "<group>"; };
		BA6CC91E1E65999500C90FF8 /* map_pinup@3x.png */ = {isa = PBXFileReference; lastKnownFileType = image.png; path = "map_pinup@3x.png"; sourceTree = "<group>"; };
		BA6CC91F1E65999500C90FF8 /* map_pinup_custom.png */ = {isa = PBXFileReference; lastKnownFileType = image.png; path = map_pinup_custom.png; sourceTree = "<group>"; };
		BA6CC9201E65999500C90FF8 /* map_pinup_custom@3x.png */ = {isa = PBXFileReference; lastKnownFileType = image.png; path = "map_pinup_custom@3x.png"; sourceTree = "<group>"; };
		BA6CC9211E65999500C90FF8 /* map_present.png */ = {isa = PBXFileReference; lastKnownFileType = image.png; path = map_present.png; sourceTree = "<group>"; };
		BA6CC9221E65999500C90FF8 /* map_present_background_update.png */ = {isa = PBXFileReference; lastKnownFileType = image.png; path = map_present_background_update.png; sourceTree = "<group>"; };
		BA6CC9231E65999500C90FF8 /* map_present_direction.png */ = {isa = PBXFileReference; lastKnownFileType = image.png; path = map_present_direction.png; sourceTree = "<group>"; };
		BA6CC9241E65999500C90FF8 /* map_present_tracking.png */ = {isa = PBXFileReference; lastKnownFileType = image.png; path = map_present_tracking.png; sourceTree = "<group>"; };
		BA6CC9251E65999500C90FF8 /* noimage.png */ = {isa = PBXFileReference; lastKnownFileType = image.png; path = noimage.png; sourceTree = "<group>"; };
		BA6CC9261E65999500C90FF8 /* noimage256.png */ = {isa = PBXFileReference; lastKnownFileType = image.png; path = noimage256.png; sourceTree = "<group>"; };
		BA6CC9271E65999500C90FF8 /* point_sprite.png */ = {isa = PBXFileReference; lastKnownFileType = image.png; path = point_sprite.png; sourceTree = "<group>"; };
		BA6CC9281E65999500C90FF8 /* shadow_balloon.png */ = {isa = PBXFileReference; lastKnownFileType = image.png; path = shadow_balloon.png; sourceTree = "<group>"; };
		BA6CC9291E65999500C90FF8 /* th_line.png */ = {isa = PBXFileReference; lastKnownFileType = image.png; path = th_line.png; sourceTree = "<group>"; };
		BA6CC9471E659AA200C90FF8 /* OpenGLES.framework */ = {isa = PBXFileReference; lastKnownFileType = wrapper.framework; name = OpenGLES.framework; path = System/Library/Frameworks/OpenGLES.framework; sourceTree = SDKROOT; };
		BA6CC9491E659AAE00C90FF8 /* SystemConfiguration.framework */ = {isa = PBXFileReference; lastKnownFileType = wrapper.framework; name = SystemConfiguration.framework; path = System/Library/Frameworks/SystemConfiguration.framework; sourceTree = SDKROOT; };
		BA6CC94B1E659AB800C90FF8 /* QuartzCore.framework */ = {isa = PBXFileReference; lastKnownFileType = wrapper.framework; name = QuartzCore.framework; path = System/Library/Frameworks/QuartzCore.framework; sourceTree = SDKROOT; };
		BA6CC94D1E659AC500C90FF8 /* CoreLocation.framework */ = {isa = PBXFileReference; lastKnownFileType = wrapper.framework; name = CoreLocation.framework; path = System/Library/Frameworks/CoreLocation.framework; sourceTree = SDKROOT; };
		BA6CC94F1E659B2400C90FF8 /* libstdc++.6.tbd */ = {isa = PBXFileReference; lastKnownFileType = "sourcecode.text-based-dylib-definition"; name = "libstdc++.6.tbd"; path = "usr/lib/libstdc++.6.tbd"; sourceTree = SDKROOT; };
		BA6CC9511E659B3400C90FF8 /* libxml2.tbd */ = {isa = PBXFileReference; lastKnownFileType = "sourcecode.text-based-dylib-definition"; name = libxml2.tbd; path = usr/lib/libxml2.tbd; sourceTree = SDKROOT; };
		BA6CC9531E659B4B00C90FF8 /* libsqlite3.tbd */ = {isa = PBXFileReference; lastKnownFileType = "sourcecode.text-based-dylib-definition"; name = libsqlite3.tbd; path = usr/lib/libsqlite3.tbd; sourceTree = SDKROOT; };
/* End PBXFileReference section */

/* Begin PBXFrameworksBuildPhase section */
		BA6CC8ED1E65972A00C90FF8 /* Frameworks */ = {
			isa = PBXFrameworksBuildPhase;
			buildActionMask = 2147483647;
			files = (
				BA6CC9541E659B4B00C90FF8 /* libsqlite3.tbd in Frameworks */,
				BA6CC9521E659B3400C90FF8 /* libxml2.tbd in Frameworks */,
				BA6CC9501E659B2400C90FF8 /* libstdc++.6.tbd in Frameworks */,
				BA6CC94E1E659AC500C90FF8 /* CoreLocation.framework in Frameworks */,
				BA6CC94C1E659AB800C90FF8 /* QuartzCore.framework in Frameworks */,
				BA6CC94A1E659AAE00C90FF8 /* SystemConfiguration.framework in Frameworks */,
				BA6CC9481E659AA200C90FF8 /* OpenGLES.framework in Frameworks */,
				BA6CC92A1E65999500C90FF8 /* DaumMap.framework in Frameworks */,
			);
			runOnlyForDeploymentPostprocessing = 0;
		};
/* End PBXFrameworksBuildPhase section */

/* Begin PBXGroup section */
		BA6CC8E71E65972A00C90FF8 = {
			isa = PBXGroup;
			children = (
				BA6CC90C1E65999500C90FF8 /* DaumMap.embeddedframework */,
				BA6CC8F21E65972A00C90FF8 /* MapTest */,
				BA6CC8F11E65972A00C90FF8 /* Products */,
				BA6CC9461E659AA200C90FF8 /* Frameworks */,
			);
			sourceTree = "<group>";
		};
		BA6CC8F11E65972A00C90FF8 /* Products */ = {
			isa = PBXGroup;
			children = (
				BA6CC8F01E65972A00C90FF8 /* MapTest.app */,
			);
			name = Products;
			sourceTree = "<group>";
		};
		BA6CC8F21E65972A00C90FF8 /* MapTest */ = {
			isa = PBXGroup;
			children = (
				BA6CC8F61E65972A00C90FF8 /* AppDelegate.h */,
				BA6CC8F71E65972A00C90FF8 /* AppDelegate.m */,
				BA6CC8F91E65972A00C90FF8 /* ViewController.h */,
				BA6CC8FA1E65972A00C90FF8 /* ViewController.m */,
				BA6CC8FC1E65972A00C90FF8 /* Main.storyboard */,
				BA6CC8FF1E65972A00C90FF8 /* Assets.xcassets */,
				BA6CC9011E65972A00C90FF8 /* LaunchScreen.storyboard */,
				BA6CC9041E65972A00C90FF8 /* Info.plist */,
				BA6CC8F31E65972A00C90FF8 /* Supporting Files */,
			);
			path = MapTest;
			sourceTree = "<group>";
		};
		BA6CC8F31E65972A00C90FF8 /* Supporting Files */ = {
			isa = PBXGroup;
			children = (
				BA6CC8F41E65972A00C90FF8 /* main.m */,
			);
			name = "Supporting Files";
			sourceTree = "<group>";
		};
		BA6CC90C1E65999500C90FF8 /* DaumMap.embeddedframework */ = {
			isa = PBXGroup;
			children = (
				BA6CC90D1E65999500C90FF8 /* DaumMap.framework */,
				BA6CC90E1E65999500C90FF8 /* Resources */,
			);
			path = DaumMap.embeddedframework;
			sourceTree = "<group>";
		};
		BA6CC90E1E65999500C90FF8 /* Resources */ = {
			isa = PBXGroup;
			children = (
				BA6CC90F1E65999500C90FF8 /* copyright.png */,
				BA6CC9101E65999500C90FF8 /* daum_copyright.png */,
				BA6CC9111E65999500C90FF8 /* daum_th_line.png */,
				BA6CC9121E65999500C90FF8 /* detail_button.png */,
				BA6CC9131E65999500C90FF8 /* info_box.png */,
				BA6CC9141E65999500C90FF8 /* info_box_tail.png */,
				BA6CC9151E65999500C90FF8 /* map_pin.png */,
				BA6CC9161E65999500C90FF8 /* map_pin@3x.png */,
				BA6CC9171E65999500C90FF8 /* map_pin_custom.png */,
				BA6CC9181E65999500C90FF8 /* map_pin_custom@3x.png */,
				BA6CC9191E65999500C90FF8 /* map_pin_red.png */,
				BA6CC91A1E65999500C90FF8 /* map_pin_red@3x.png */,
				BA6CC91B1E65999500C90FF8 /* map_pin_shadow.png */,
				BA6CC91C1E65999500C90FF8 /* map_pin_shadow@3x.png */,
				BA6CC91D1E65999500C90FF8 /* map_pinup.png */,
				BA6CC91E1E65999500C90FF8 /* map_pinup@3x.png */,
				BA6CC91F1E65999500C90FF8 /* map_pinup_custom.png */,
				BA6CC9201E65999500C90FF8 /* map_pinup_custom@3x.png */,
				BA6CC9211E65999500C90FF8 /* map_present.png */,
				BA6CC9221E65999500C90FF8 /* map_present_background_update.png */,
				BA6CC9231E65999500C90FF8 /* map_present_direction.png */,
				BA6CC9241E65999500C90FF8 /* map_present_tracking.png */,
				BA6CC9251E65999500C90FF8 /* noimage.png */,
				BA6CC9261E65999500C90FF8 /* noimage256.png */,
				BA6CC9271E65999500C90FF8 /* point_sprite.png */,
				BA6CC9281E65999500C90FF8 /* shadow_balloon.png */,
				BA6CC9291E65999500C90FF8 /* th_line.png */,
			);
			path = Resources;
			sourceTree = "<group>";
		};
		BA6CC9461E659AA200C90FF8 /* Frameworks */ = {
			isa = PBXGroup;
			children = (
				BA6CC9531E659B4B00C90FF8 /* libsqlite3.tbd */,
				BA6CC9511E659B3400C90FF8 /* libxml2.tbd */,
				BA6CC94F1E659B2400C90FF8 /* libstdc++.6.tbd */,
				BA6CC94D1E659AC500C90FF8 /* CoreLocation.framework */,
				BA6CC94B1E659AB800C90FF8 /* QuartzCore.framework */,
				BA6CC9491E659AAE00C90FF8 /* SystemConfiguration.framework */,
				BA6CC9471E659AA200C90FF8 /* OpenGLES.framework */,
			);
			name = Frameworks;
			sourceTree = "<group>";
		};
/* End PBXGroup section */

/* Begin PBXNativeTarget section */
		BA6CC8EF1E65972A00C90FF8 /* MapTest */ = {
			isa = PBXNativeTarget;
			buildConfigurationList = BA6CC9071E65972A00C90FF8 /* Build configuration list for PBXNativeTarget "MapTest" */;
			buildPhases = (
				BA6CC8EC1E65972A00C90FF8 /* Sources */,
				BA6CC8ED1E65972A00C90FF8 /* Frameworks */,
				BA6CC8EE1E65972A00C90FF8 /* Resources */,
			);
			buildRules = (
			);
			dependencies = (
			);
			name = MapTest;
			productName = MapTest;
			productReference = BA6CC8F01E65972A00C90FF8 /* MapTest.app */;
			productType = "com.apple.product-type.application";
		};
/* End PBXNativeTarget section */

/* Begin PBXProject section */
		BA6CC8E81E65972A00C90FF8 /* Project object */ = {
			isa = PBXProject;
			attributes = {
				LastUpgradeCheck = 0820;
				ORGANIZATIONNAME = SSangGA;
				TargetAttributes = {
					BA6CC8EF1E65972A00C90FF8 = {
						CreatedOnToolsVersion = 8.2;
						DevelopmentTeam = YRRPYZBQ6X;
						ProvisioningStyle = Automatic;
					};
				};
			};
			buildConfigurationList = BA6CC8EB1E65972A00C90FF8 /* Build configuration list for PBXProject "MapTest" */;
			compatibilityVersion = "Xcode 3.2";
			developmentRegion = English;
			hasScannedForEncodings = 0;
			knownRegions = (
				en,
				Base,
			);
			mainGroup = BA6CC8E71E65972A00C90FF8;
			productRefGroup = BA6CC8F11E65972A00C90FF8 /* Products */;
			projectDirPath = "";
			projectRoot = "";
			targets = (
				BA6CC8EF1E65972A00C90FF8 /* MapTest */,
			);
		};
/* End PBXProject section */

/* Begin PBXResourcesBuildPhase section */
		BA6CC8EE1E65972A00C90FF8 /* Resources */ = {
			isa = PBXResourcesBuildPhase;
			buildActionMask = 2147483647;
			files = (
				BA6CC9301E65999500C90FF8 /* info_box_tail.png in Resources */,
				BA6CC9401E65999500C90FF8 /* map_present_tracking.png in Resources */,
				BA6CC92C1E65999500C90FF8 /* daum_copyright.png in Resources */,
				BA6CC9311E65999500C90FF8 /* map_pin.png in Resources */,
				BA6CC9361E65999500C90FF8 /* map_pin_red@3x.png in Resources */,
				BA6CC9031E65972A00C90FF8 /* LaunchScreen.storyboard in Resources */,
				BA6CC93E1E65999500C90FF8 /* map_present_background_update.png in Resources */,
				BA6CC9421E65999500C90FF8 /* noimage256.png in Resources */,
				BA6CC92D1E65999500C90FF8 /* daum_th_line.png in Resources */,
				BA6CC92F1E65999500C90FF8 /* info_box.png in Resources */,
				BA6CC93C1E65999500C90FF8 /* map_pinup_custom@3x.png in Resources */,
				BA6CC9451E65999500C90FF8 /* th_line.png in Resources */,
				BA6CC9351E65999500C90FF8 /* map_pin_red.png in Resources */,
				BA6CC92B1E65999500C90FF8 /* copyright.png in Resources */,
				BA6CC92E1E65999500C90FF8 /* detail_button.png in Resources */,
				BA6CC93B1E65999500C90FF8 /* map_pinup_custom.png in Resources */,
				BA6CC9321E65999500C90FF8 /* map_pin@3x.png in Resources */,
				BA6CC9441E65999500C90FF8 /* shadow_balloon.png in Resources */,
				BA6CC9381E65999500C90FF8 /* map_pin_shadow@3x.png in Resources */,
				BA6CC93A1E65999500C90FF8 /* map_pinup@3x.png in Resources */,
				BA6CC9341E65999500C90FF8 /* map_pin_custom@3x.png in Resources */,
				BA6CC9001E65972A00C90FF8 /* Assets.xcassets in Resources */,
				BA6CC93F1E65999500C90FF8 /* map_present_direction.png in Resources */,
				BA6CC8FE1E65972A00C90FF8 /* Main.storyboard in Resources */,
				BA6CC9371E65999500C90FF8 /* map_pin_shadow.png in Resources */,
				BA6CC9411E65999500C90FF8 /* noimage.png in Resources */,
				BA6CC9331E65999500C90FF8 /* map_pin_custom.png in Resources */,
				BA6CC93D1E65999500C90FF8 /* map_present.png in Resources */,
				BA6CC9391E65999500C90FF8 /* map_pinup.png in Resources */,
				BA6CC9431E65999500C90FF8 /* point_sprite.png in Resources */,
			);
			runOnlyForDeploymentPostprocessing = 0;
		};
/* End PBXResourcesBuildPhase section */

/* Begin PBXSourcesBuildPhase section */
		BA6CC8EC1E65972A00C90FF8 /* Sources */ = {
			isa = PBXSourcesBuildPhase;
			buildActionMask = 2147483647;
			files = (
				BA6CC8FB1E65972A00C90FF8 /* ViewController.m in Sources */,
				BA6CC8F81E65972A00C90FF8 /* AppDelegate.m in Sources */,
				BA6CC8F51E65972A00C90FF8 /* main.m in Sources */,
			);
			runOnlyForDeploymentPostprocessing = 0;
		};
/* End PBXSourcesBuildPhase section */

/* Begin PBXVariantGroup section */
		BA6CC8FC1E65972A00C90FF8 /* Main.storyboard */ = {
			isa = PBXVariantGroup;
			children = (
				BA6CC8FD1E65972A00C90FF8 /* Base */,
			);
			name = Main.storyboard;
			sourceTree = "<group>";
		};
		BA6CC9011E65972A00C90FF8 /* LaunchScreen.storyboard */ = {
			isa = PBXVariantGroup;
			children = (
				BA6CC9021E65972A00C90FF8 /* Base */,
			);
			name = LaunchScreen.storyboard;
			sourceTree = "<group>";
		};
/* End PBXVariantGroup section */

/* Begin XCBuildConfiguration section */
		BA6CC9051E65972A00C90FF8 /* Debug */ = {
			isa = XCBuildConfiguration;
			buildSettings = {
				ALWAYS_SEARCH_USER_PATHS = NO;
				CLANG_ANALYZER_NONNULL = YES;
				CLANG_CXX_LANGUAGE_STANDARD = "gnu++0x";
				CLANG_CXX_LIBRARY = "libc++";
				CLANG_ENABLE_MODULES = YES;
				CLANG_ENABLE_OBJC_ARC = YES;
				CLANG_WARN_BOOL_CONVERSION = YES;
				CLANG_WARN_CONSTANT_CONVERSION = YES;
				CLANG_WARN_DIRECT_OBJC_ISA_USAGE = YES_ERROR;
				CLANG_WARN_DOCUMENTATION_COMMENTS = YES;
				CLANG_WARN_EMPTY_BODY = YES;
				CLANG_WARN_ENUM_CONVERSION = YES;
				CLANG_WARN_INFINITE_RECURSION = YES;
				CLANG_WARN_INT_CONVERSION = YES;
				CLANG_WARN_OBJC_ROOT_CLASS = YES_ERROR;
				CLANG_WARN_SUSPICIOUS_MOVE = YES;
				CLANG_WARN_UNREACHABLE_CODE = YES;
				CLANG_WARN__DUPLICATE_METHOD_MATCH = YES;
				"CODE_SIGN_IDENTITY[sdk=iphoneos*]" = "iPhone Developer";
				COPY_PHASE_STRIP = NO;
				DEBUG_INFORMATION_FORMAT = dwarf;
				ENABLE_STRICT_OBJC_MSGSEND = YES;
				ENABLE_TESTABILITY = YES;
				GCC_C_LANGUAGE_STANDARD = gnu99;
				GCC_DYNAMIC_NO_PIC = NO;
				GCC_NO_COMMON_BLOCKS = YES;
				GCC_OPTIMIZATION_LEVEL = 0;
				GCC_PREPROCESSOR_DEFINITIONS = (
					"DEBUG=1",
					"$(inherited)",
				);
				GCC_WARN_64_TO_32_BIT_CONVERSION = YES;
				GCC_WARN_ABOUT_RETURN_TYPE = YES_ERROR;
				GCC_WARN_UNDECLARED_SELECTOR = YES;
				GCC_WARN_UNINITIALIZED_AUTOS = YES_AGGRESSIVE;
				GCC_WARN_UNUSED_FUNCTION = YES;
				GCC_WARN_UNUSED_VARIABLE = YES;
				IPHONEOS_DEPLOYMENT_TARGET = 10.2;
				MTL_ENABLE_DEBUG_INFO = YES;
				ONLY_ACTIVE_ARCH = YES;
				SDKROOT = iphoneos;
			};
			name = Debug;
		};
		BA6CC9061E65972A00C90FF8 /* Release */ = {
			isa = XCBuildConfiguration;
			buildSettings = {
				ALWAYS_SEARCH_USER_PATHS = NO;
				CLANG_ANALYZER_NONNULL = YES;
				CLANG_CXX_LANGUAGE_STANDARD = "gnu++0x";
				CLANG_CXX_LIBRARY = "libc++";
				CLANG_ENABLE_MODULES = YES;
				CLANG_ENABLE_OBJC_ARC = YES;
				CLANG_WARN_BOOL_CONVERSION = YES;
				CLANG_WARN_CONSTANT_CONVERSION = YES;
				CLANG_WARN_DIRECT_OBJC_ISA_USAGE = YES_ERROR;
				CLANG_WARN_DOCUMENTATION_COMMENTS = YES;
				CLANG_WARN_EMPTY_BODY = YES;
				CLANG_WARN_ENUM_CONVERSION = YES;
				CLANG_WARN_INFINITE_RECURSION = YES;
				CLANG_WARN_INT_CONVERSION = YES;
				CLANG_WARN_OBJC_ROOT_CLASS = YES_ERROR;
				CLANG_WARN_SUSPICIOUS_MOVE = YES;
				CLANG_WARN_UNREACHABLE_CODE = YES;
				CLANG_WARN__DUPLICATE_METHOD_MATCH = YES;
				"CODE_SIGN_IDENTITY[sdk=iphoneos*]" = "iPhone Developer";
				COPY_PHASE_STRIP = NO;
				DEBUG_INFORMATION_FORMAT = "dwarf-with-dsym";
				ENABLE_NS_ASSERTIONS = NO;
				ENABLE_STRICT_OBJC_MSGSEND = YES;
				GCC_C_LANGUAGE_STANDARD = gnu99;
				GCC_NO_COMMON_BLOCKS = YES;
				GCC_WARN_64_TO_32_BIT_CONVERSION = YES;
				GCC_WARN_ABOUT_RETURN_TYPE = YES_ERROR;
				GCC_WARN_UNDECLARED_SELECTOR = YES;
				GCC_WARN_UNINITIALIZED_AUTOS = YES_AGGRESSIVE;
				GCC_WARN_UNUSED_FUNCTION = YES;
				GCC_WARN_UNUSED_VARIABLE = YES;
				IPHONEOS_DEPLOYMENT_TARGET = 10.2;
				MTL_ENABLE_DEBUG_INFO = NO;
				SDKROOT = iphoneos;
				VALIDATE_PRODUCT = YES;
			};
			name = Release;
		};
		BA6CC9081E65972A00C90FF8 /* Debug */ = {
			isa = XCBuildConfiguration;
			buildSettings = {
				ASSETCATALOG_COMPILER_APPICON_NAME = AppIcon;
				CLANG_ENABLE_OBJC_ARC = NO;
				DEVELOPMENT_TEAM = YRRPYZBQ6X;
				FRAMEWORK_SEARCH_PATHS = (
					"$(inherited)",
					"$(PROJECT_DIR)/MapTest",
					"$(PROJECT_DIR)/DaumMap.embeddedframework",
				);
				INFOPLIST_FILE = MapTest/Info.plist;
				LD_RUNPATH_SEARCH_PATHS = "$(inherited) @executable_path/Frameworks";
				PRODUCT_BUNDLE_IDENTIFIER = SSG.com.MapTest;
				PRODUCT_NAME = "$(TARGET_NAME)";
			};
			name = Debug;
		};
		BA6CC9091E65972A00C90FF8 /* Release */ = {
			isa = XCBuildConfiguration;
			buildSettings = {
				ASSETCATALOG_COMPILER_APPICON_NAME = AppIcon;
				CLANG_ENABLE_OBJC_ARC = NO;
				DEVELOPMENT_TEAM = YRRPYZBQ6X;
				FRAMEWORK_SEARCH_PATHS = (
					"$(inherited)",
					"$(PROJECT_DIR)/MapTest",
					"$(PROJECT_DIR)/DaumMap.embeddedframework",
				);
				INFOPLIST_FILE = MapTest/Info.plist;
				LD_RUNPATH_SEARCH_PATHS = "$(inherited) @executable_path/Frameworks";
				PRODUCT_BUNDLE_IDENTIFIER = SSG.com.MapTest;
				PRODUCT_NAME = "$(TARGET_NAME)";
			};
			name = Release;
		};
/* End XCBuildConfiguration section */

/* Begin XCConfigurationList section */
		BA6CC8EB1E65972A00C90FF8 /* Build configuration list for PBXProject "MapTest" */ = {
			isa = XCConfigurationList;
			buildConfigurations = (
				BA6CC9051E65972A00C90FF8 /* Debug */,
				BA6CC9061E65972A00C90FF8 /* Release */,
			);
			defaultConfigurationIsVisible = 0;
			defaultConfigurationName = Release;
		};
		BA6CC9071E65972A00C90FF8 /* Build configuration list for PBXNativeTarget "MapTest" */ = {
			isa = XCConfigurationList;
			buildConfigurations = (
				BA6CC9081E65972A00C90FF8 /* Debug */,
				BA6CC9091E65972A00C90FF8 /* Release */,
			);
			defaultConfigurationIsVisible = 0;
		};
/* End XCConfigurationList section */
	};
	rootObject = BA6CC8E81E65972A00C90FF8 /* Project object */;
}
